// !$*UTF8*$!
{
	archiveVersion = 1;
	classes = {
	};
	objectVersion = 56;
	objects = {

/* Begin PBXBuildFile section */
		844DA4FA29DE231300C7BB25 /* AppDelegate.swift in Sources */ = {isa = PBXBuildFile; fileRef = 844DA4F929DE231300C7BB25 /* AppDelegate.swift */; };
		844DA4FC29DE231300C7BB25 /* SceneDelegate.swift in Sources */ = {isa = PBXBuildFile; fileRef = 844DA4FB29DE231300C7BB25 /* SceneDelegate.swift */; };
		844DA4FE29DE231300C7BB25 /* ViewController.swift in Sources */ = {isa = PBXBuildFile; fileRef = 844DA4FD29DE231300C7BB25 /* ViewController.swift */; };
		844DA50129DE231300C7BB25 /* Main.storyboard in Resources */ = {isa = PBXBuildFile; fileRef = 844DA4FF29DE231300C7BB25 /* Main.storyboard */; };
		844DA50329DE231500C7BB25 /* Assets.xcassets in Resources */ = {isa = PBXBuildFile; fileRef = 844DA50229DE231500C7BB25 /* Assets.xcassets */; };
		844DA50629DE231500C7BB25 /* LaunchScreen.storyboard in Resources */ = {isa = PBXBuildFile; fileRef = 844DA50429DE231500C7BB25 /* LaunchScreen.storyboard */; };
		849A696829DF4AF10045E646 /* tela02ViewController.storyboard in Resources */ = {isa = PBXBuildFile; fileRef = 849A696729DF4AF10045E646 /* tela02ViewController.storyboard */; };
		849A696A29DF4B180045E646 /* tela02ViewController.swift in Sources */ = {isa = PBXBuildFile; fileRef = 849A696929DF4B180045E646 /* tela02ViewController.swift */; };
/* End PBXBuildFile section */

/* Begin PBXContainerItemProxy section */
		844DA50D29DE231500C7BB25 /* PBXContainerItemProxy */ = {
			isa = PBXContainerItemProxy;
			containerPortal = 844DA4EE29DE231300C7BB25 /* Project object */;
			proxyType = 1;
			remoteGlobalIDString = 844DA4F529DE231300C7BB25;
			remoteInfo = telaModalComReferencia;
		};
		844DA51729DE231500C7BB25 /* PBXContainerItemProxy */ = {
			isa = PBXContainerItemProxy;
			containerPortal = 844DA4EE29DE231300C7BB25 /* Project object */;
			proxyType = 1;
			remoteGlobalIDString = 844DA4F529DE231300C7BB25;
			remoteInfo = telaModalComReferencia;
		};
/* End PBXContainerItemProxy section */

/* Begin PBXFileReference section */
		844DA4F629DE231300C7BB25 /* telaModalComReferencia.app */ = {isa = PBXFileReference; explicitFileType = wrapper.application; includeInIndex = 0; path = telaModalComReferencia.app; sourceTree = BUILT_PRODUCTS_DIR; };
		844DA4F929DE231300C7BB25 /* AppDelegate.swift */ = {isa = PBXFileReference; lastKnownFileType = sourcecode.swift; path = AppDelegate.swift; sourceTree = "<group>"; };
		844DA4FB29DE231300C7BB25 /* SceneDelegate.swift */ = {isa = PBXFileReference; lastKnownFileType = sourcecode.swift; path = SceneDelegate.swift; sourceTree = "<group>"; };
		844DA4FD29DE231300C7BB25 /* ViewController.swift */ = {isa = PBXFileReference; lastKnownFileType = sourcecode.swift; path = ViewController.swift; sourceTree = "<group>"; };
		844DA50029DE231300C7BB25 /* Base */ = {isa = PBXFileReference; lastKnownFileType = file.storyboard; name = Base; path = Base.lproj/Main.storyboard; sourceTree = "<group>"; };
		844DA50229DE231500C7BB25 /* Assets.xcassets */ = {isa = PBXFileReference; lastKnownFileType = folder.assetcatalog; path = Assets.xcassets; sourceTree = "<group>"; };
		844DA50529DE231500C7BB25 /* Base */ = {isa = PBXFileReference; lastKnownFileType = file.storyboard; name = Base; path = Base.lproj/LaunchScreen.storyboard; sourceTree = "<group>"; };
		844DA50729DE231500C7BB25 /* Info.plist */ = {isa = PBXFileReference; lastKnownFileType = text.plist.xml; path = Info.plist; sourceTree = "<group>"; };
		844DA50C29DE231500C7BB25 /* telaModalComReferenciaTests.xctest */ = {isa = PBXFileReference; explicitFileType = wrapper.cfbundle; includeInIndex = 0; path = telaModalComReferenciaTests.xctest; sourceTree = BUILT_PRODUCTS_DIR; };
		844DA51629DE231500C7BB25 /* telaModalComReferenciaUITests.xctest */ = {isa = PBXFileReference; explicitFileType = wrapper.cfbundle; includeInIndex = 0; path = telaModalComReferenciaUITests.xctest; sourceTree = BUILT_PRODUCTS_DIR; };
		849A696729DF4AF10045E646 /* tela02ViewController.storyboard */ = {isa = PBXFileReference; lastKnownFileType = file.storyboard; path = tela02ViewController.storyboard; sourceTree = "<group>"; };
		849A696929DF4B180045E646 /* tela02ViewController.swift */ = {isa = PBXFileReference; lastKnownFileType = sourcecode.swift; path = tela02ViewController.swift; sourceTree = "<group>"; };
/* End PBXFileReference section */

/* Begin PBXFrameworksBuildPhase section */
		844DA4F329DE231300C7BB25 /* Frameworks */ = {
			isa = PBXFrameworksBuildPhase;
			buildActionMask = 2147483647;
			files = (
			);
			runOnlyForDeploymentPostprocessing = 0;
		};
		844DA50929DE231500C7BB25 /* Frameworks */ = {
			isa = PBXFrameworksBuildPhase;
			buildActionMask = 2147483647;
			files = (
			);
			runOnlyForDeploymentPostprocessing = 0;
		};
		844DA51329DE231500C7BB25 /* Frameworks */ = {
			isa = PBXFrameworksBuildPhase;
			buildActionMask = 2147483647;
			files = (
			);
			runOnlyForDeploymentPostprocessing = 0;
		};
/* End PBXFrameworksBuildPhase section */

/* Begin PBXGroup section */
		844DA4ED29DE231300C7BB25 = {
			isa = PBXGroup;
			children = (
				844DA4F829DE231300C7BB25 /* telaModalComReferencia */,
				844DA4F729DE231300C7BB25 /* Products */,
			);
			sourceTree = "<group>";
		};
		844DA4F729DE231300C7BB25 /* Products */ = {
			isa = PBXGroup;
			children = (
				844DA4F629DE231300C7BB25 /* telaModalComReferencia.app */,
				844DA50C29DE231500C7BB25 /* telaModalComReferenciaTests.xctest */,
				844DA51629DE231500C7BB25 /* telaModalComReferenciaUITests.xctest */,
			);
			name = Products;
			sourceTree = "<group>";
		};
		844DA4F829DE231300C7BB25 /* telaModalComReferencia */ = {
			isa = PBXGroup;
			children = (
				844DA52929DE246000C7BB25 /* tela02 */,
				844DA4F929DE231300C7BB25 /* AppDelegate.swift */,
				844DA4FB29DE231300C7BB25 /* SceneDelegate.swift */,
				844DA4FD29DE231300C7BB25 /* ViewController.swift */,
				844DA4FF29DE231300C7BB25 /* Main.storyboard */,
				844DA50229DE231500C7BB25 /* Assets.xcassets */,
				844DA50429DE231500C7BB25 /* LaunchScreen.storyboard */,
				844DA50729DE231500C7BB25 /* Info.plist */,
			);
			path = telaModalComReferencia;
			sourceTree = "<group>";
		};
		844DA52929DE246000C7BB25 /* tela02 */ = {
			isa = PBXGroup;
			children = (
				849A696729DF4AF10045E646 /* tela02ViewController.storyboard */,
				849A696929DF4B180045E646 /* tela02ViewController.swift */,
			);
			path = tela02;
			sourceTree = "<group>";
		};
/* End PBXGroup section */

/* Begin PBXNativeTarget section */
		844DA4F529DE231300C7BB25 /* telaModalComReferencia */ = {
			isa = PBXNativeTarget;
			buildConfigurationList = 844DA52029DE231500C7BB25 /* Build configuration list for PBXNativeTarget "telaModalComReferencia" */;
			buildPhases = (
				844DA4F229DE231300C7BB25 /* Sources */,
				844DA4F329DE231300C7BB25 /* Frameworks */,
				844DA4F429DE231300C7BB25 /* Resources */,
			);
			buildRules = (
			);
			dependencies = (
			);
			name = telaModalComReferencia;
			productName = telaModalComReferencia;
			productReference = 844DA4F629DE231300C7BB25 /* telaModalComReferencia.app */;
			productType = "com.apple.product-type.application";
		};
		844DA50B29DE231500C7BB25 /* telaModalComReferenciaTests */ = {
			isa = PBXNativeTarget;
			buildConfigurationList = 844DA52329DE231500C7BB25 /* Build configuration list for PBXNativeTarget "telaModalComReferenciaTests" */;
			buildPhases = (
				844DA50829DE231500C7BB25 /* Sources */,
				844DA50929DE231500C7BB25 /* Frameworks */,
				844DA50A29DE231500C7BB25 /* Resources */,
			);
			buildRules = (
			);
			dependencies = (
				844DA50E29DE231500C7BB25 /* PBXTargetDependency */,
			);
			name = telaModalComReferenciaTests;
			productName = telaModalComReferenciaTests;
			productReference = 844DA50C29DE231500C7BB25 /* telaModalComReferenciaTests.xctest */;
			productType = "com.apple.product-type.bundle.unit-test";
		};
		844DA51529DE231500C7BB25 /* telaModalComReferenciaUITests */ = {
			isa = PBXNativeTarget;
			buildConfigurationList = 844DA52629DE231500C7BB25 /* Build configuration list for PBXNativeTarget "telaModalComReferenciaUITests" */;
			buildPhases = (
				844DA51229DE231500C7BB25 /* Sources */,
				844DA51329DE231500C7BB25 /* Frameworks */,
				844DA51429DE231500C7BB25 /* Resources */,
			);
			buildRules = (
			);
			dependencies = (
				844DA51829DE231500C7BB25 /* PBXTargetDependency */,
			);
			name = telaModalComReferenciaUITests;
			productName = telaModalComReferenciaUITests;
			productReference = 844DA51629DE231500C7BB25 /* telaModalComReferenciaUITests.xctest */;
			productType = "com.apple.product-type.bundle.ui-testing";
		};
/* End PBXNativeTarget section */

/* Begin PBXProject section */
		844DA4EE29DE231300C7BB25 /* Project object */ = {
			isa = PBXProject;
			attributes = {
				BuildIndependentTargetsInParallel = 1;
				LastSwiftUpdateCheck = 1420;
				LastUpgradeCheck = 1420;
				TargetAttributes = {
					844DA4F529DE231300C7BB25 = {
						CreatedOnToolsVersion = 14.2;
					};
					844DA50B29DE231500C7BB25 = {
						CreatedOnToolsVersion = 14.2;
						TestTargetID = 844DA4F529DE231300C7BB25;
					};
					844DA51529DE231500C7BB25 = {
						CreatedOnToolsVersion = 14.2;
						TestTargetID = 844DA4F529DE231300C7BB25;
					};
				};
			};
			buildConfigurationList = 844DA4F129DE231300C7BB25 /* Build configuration list for PBXProject "telaModalComReferencia" */;
			compatibilityVersion = "Xcode 14.0";
			developmentRegion = en;
			hasScannedForEncodings = 0;
			knownRegions = (
				en,
				Base,
			);
			mainGroup = 844DA4ED29DE231300C7BB25;
			productRefGroup = 844DA4F729DE231300C7BB25 /* Products */;
			projectDirPath = "";
			projectRoot = "";
			targets = (
				844DA4F529DE231300C7BB25 /* telaModalComReferencia */,
				844DA50B29DE231500C7BB25 /* telaModalComReferenciaTests */,
				844DA51529DE231500C7BB25 /* telaModalComReferenciaUITests */,
			);
		};
/* End PBXProject section */

/* Begin PBXResourcesBuildPhase section */
		844DA4F429DE231300C7BB25 /* Resources */ = {
			isa = PBXResourcesBuildPhase;
			buildActionMask = 2147483647;
			files = (
				844DA50629DE231500C7BB25 /* LaunchScreen.storyboard in Resources */,
				849A696829DF4AF10045E646 /* tela02ViewController.storyboard in Resources */,
				844DA50329DE231500C7BB25 /* Assets.xcassets in Resources */,
				844DA50129DE231300C7BB25 /* Main.storyboard in Resources */,
			);
			runOnlyForDeploymentPostprocessing = 0;
		};
		844DA50A29DE231500C7BB25 /* Resources */ = {
			isa = PBXResourcesBuildPhase;
			buildActionMask = 2147483647;
			files = (
			);
			runOnlyForDeploymentPostprocessing = 0;
		};
		844DA51429DE231500C7BB25 /* Resources */ = {
			isa = PBXResourcesBuildPhase;
			buildActionMask = 2147483647;
			files = (
			);
			runOnlyForDeploymentPostprocessing = 0;
		};
/* End PBXResourcesBuildPhase section */

/* Begin PBXSourcesBuildPhase section */
		844DA4F229DE231300C7BB25 /* Sources */ = {
			isa = PBXSourcesBuildPhase;
			buildActionMask = 2147483647;
			files = (
				849A696A29DF4B180045E646 /* tela02ViewController.swift in Sources */,
				844DA4FE29DE231300C7BB25 /* ViewController.swift in Sources */,
				844DA4FA29DE231300C7BB25 /* AppDelegate.swift in Sources */,
				844DA4FC29DE231300C7BB25 /* SceneDelegate.swift in Sources */,
			);
			runOnlyForDeploymentPostprocessing = 0;
		};
		844DA50829DE231500C7BB25 /* Sources */ = {
			isa = PBXSourcesBuildPhase;
			buildActionMask = 2147483647;
			files = (
			);
			runOnlyForDeploymentPostprocessing = 0;
		};
		844DA51229DE231500C7BB25 /* Sources */ = {
			isa = PBXSourcesBuildPhase;
			buildActionMask = 2147483647;
			files = (
			);
			runOnlyForDeploymentPostprocessing = 0;
		};
/* End PBXSourcesBuildPhase section */

/* Begin PBXTargetDependency section */
		844DA50E29DE231500C7BB25 /* PBXTargetDependency */ = {
			isa = PBXTargetDependency;
			target = 844DA4F529DE231300C7BB25 /* telaModalComReferencia */;
			targetProxy = 844DA50D29DE231500C7BB25 /* PBXContainerItemProxy */;
		};
		844DA51829DE231500C7BB25 /* PBXTargetDependency */ = {
			isa = PBXTargetDependency;
			target = 844DA4F529DE231300C7BB25 /* telaModalComReferencia */;
			targetProxy = 844DA51729DE231500C7BB25 /* PBXContainerItemProxy */;
		};
/* End PBXTargetDependency section */

/* Begin PBXVariantGroup section */
		844DA4FF29DE231300C7BB25 /* Main.storyboard */ = {
			isa = PBXVariantGroup;
			children = (
				844DA50029DE231300C7BB25 /* Base */,
			);
			name = Main.storyboard;
			sourceTree = "<group>";
		};
		844DA50429DE231500C7BB25 /* LaunchScreen.storyboard */ = {
			isa = PBXVariantGroup;
			children = (
				844DA50529DE231500C7BB25 /* Base */,
			);
			name = LaunchScreen.storyboard;
			sourceTree = "<group>";
		};
/* End PBXVariantGroup section */

/* Begin XCBuildConfiguration section */
		844DA51E29DE231500C7BB25 /* Debug */ = {
			isa = XCBuildConfiguration;
			buildSettings = {
				ALWAYS_SEARCH_USER_PATHS = NO;
				CLANG_ANALYZER_NONNULL = YES;
				CLANG_ANALYZER_NUMBER_OBJECT_CONVERSION = YES_AGGRESSIVE;
				CLANG_CXX_LANGUAGE_STANDARD = "gnu++20";
				CLANG_ENABLE_MODULES = YES;
				CLANG_ENABLE_OBJC_ARC = YES;
				CLANG_ENABLE_OBJC_WEAK = YES;
				CLANG_WARN_BLOCK_CAPTURE_AUTORELEASING = YES;
				CLANG_WARN_BOOL_CONVERSION = YES;
				CLANG_WARN_COMMA = YES;
				CLANG_WARN_CONSTANT_CONVERSION = YES;
				CLANG_WARN_DEPRECATED_OBJC_IMPLEMENTATIONS = YES;
				CLANG_WARN_DIRECT_OBJC_ISA_USAGE = YES_ERROR;
				CLANG_WARN_DOCUMENTATION_COMMENTS = YES;
				CLANG_WARN_EMPTY_BODY = YES;
				CLANG_WARN_ENUM_CONVERSION = YES;
				CLANG_WARN_INFINITE_RECURSION = YES;
				CLANG_WARN_INT_CONVERSION = YES;
				CLANG_WARN_NON_LITERAL_NULL_CONVERSION = YES;
				CLANG_WARN_OBJC_IMPLICIT_RETAIN_SELF = YES;
				CLANG_WARN_OBJC_LITERAL_CONVERSION = YES;
				CLANG_WARN_OBJC_ROOT_CLASS = YES_ERROR;
				CLANG_WARN_QUOTED_INCLUDE_IN_FRAMEWORK_HEADER = YES;
				CLANG_WARN_RANGE_LOOP_ANALYSIS = YES;
				CLANG_WARN_STRICT_PROTOTYPES = YES;
				CLANG_WARN_SUSPICIOUS_MOVE = YES;
				CLANG_WARN_UNGUARDED_AVAILABILITY = YES_AGGRESSIVE;
				CLANG_WARN_UNREACHABLE_CODE = YES;
				CLANG_WARN__DUPLICATE_METHOD_MATCH = YES;
				COPY_PHASE_STRIP = NO;
				DEBUG_INFORMATION_FORMAT = dwarf;
				ENABLE_STRICT_OBJC_MSGSEND = YES;
				ENABLE_TESTABILITY = YES;
				GCC_C_LANGUAGE_STANDARD = gnu11;
				GCC_DYNAMIC_NO_PIC = NO;
				GCC_NO_COMMON_BLOCKS = YES;
				GCC_OPTIMIZATION_LEVEL = 0;
				GCC_PREPROCESSOR_DEFINITIONS = (
					"DEBUG=1",
					"$(inherited)",
				);
				GCC_WARN_64_TO_32_BIT_CONVERSION = YES;
				GCC_WARN_ABOUT_RETURN_TYPE = YES_ERROR;
				GCC_WARN_UNDECLARED_SELECTOR = YES;
				GCC_WARN_UNINITIALIZED_AUTOS = YES_AGGRESSIVE;
				GCC_WARN_UNUSED_FUNCTION = YES;
				GCC_WARN_UNUSED_VARIABLE = YES;
				IPHONEOS_DEPLOYMENT_TARGET = 16.2;
				MTL_ENABLE_DEBUG_INFO = INCLUDE_SOURCE;
				MTL_FAST_MATH = YES;
				ONLY_ACTIVE_ARCH = YES;
				SDKROOT = iphoneos;
				SWIFT_ACTIVE_COMPILATION_CONDITIONS = DEBUG;
				SWIFT_OPTIMIZATION_LEVEL = "-Onone";
			};
			name = Debug;
		};
		844DA51F29DE231500C7BB25 /* Release */ = {
			isa = XCBuildConfiguration;
			buildSettings = {
				ALWAYS_SEARCH_USER_PATHS = NO;
				CLANG_ANALYZER_NONNULL = YES;
				CLANG_ANALYZER_NUMBER_OBJECT_CONVERSION = YES_AGGRESSIVE;
				CLANG_CXX_LANGUAGE_STANDARD = "gnu++20";
				CLANG_ENABLE_MODULES = YES;
				CLANG_ENABLE_OBJC_ARC = YES;
				CLANG_ENABLE_OBJC_WEAK = YES;
				CLANG_WARN_BLOCK_CAPTURE_AUTORELEASING = YES;
				CLANG_WARN_BOOL_CONVERSION = YES;
				CLANG_WARN_COMMA = YES;
				CLANG_WARN_CONSTANT_CONVERSION = YES;
				CLANG_WARN_DEPRECATED_OBJC_IMPLEMENTATIONS = YES;
				CLANG_WARN_DIRECT_OBJC_ISA_USAGE = YES_ERROR;
				CLANG_WARN_DOCUMENTATION_COMMENTS = YES;
				CLANG_WARN_EMPTY_BODY = YES;
				CLANG_WARN_ENUM_CONVERSION = YES;
				CLANG_WARN_INFINITE_RECURSION = YES;
				CLANG_WARN_INT_CONVERSION = YES;
				CLANG_WARN_NON_LITERAL_NULL_CONVERSION = YES;
				CLANG_WARN_OBJC_IMPLICIT_RETAIN_SELF = YES;
				CLANG_WARN_OBJC_LITERAL_CONVERSION = YES;
				CLANG_WARN_OBJC_ROOT_CLASS = YES_ERROR;
				CLANG_WARN_QUOTED_INCLUDE_IN_FRAMEWORK_HEADER = YES;
				CLANG_WARN_RANGE_LOOP_ANALYSIS = YES;
				CLANG_WARN_STRICT_PROTOTYPES = YES;
				CLANG_WARN_SUSPICIOUS_MOVE = YES;
				CLANG_WARN_UNGUARDED_AVAILABILITY = YES_AGGRESSIVE;
				CLANG_WARN_UNREACHABLE_CODE = YES;
				CLANG_WARN__DUPLICATE_METHOD_MATCH = YES;
				COPY_PHASE_STRIP = NO;
				DEBUG_INFORMATION_FORMAT = "dwarf-with-dsym";
				ENABLE_NS_ASSERTIONS = NO;
				ENABLE_STRICT_OBJC_MSGSEND = YES;
				GCC_C_LANGUAGE_STANDARD = gnu11;
				GCC_NO_COMMON_BLOCKS = YES;
				GCC_WARN_64_TO_32_BIT_CONVERSION = YES;
				GCC_WARN_ABOUT_RETURN_TYPE = YES_ERROR;
				GCC_WARN_UNDECLARED_SELECTOR = YES;
				GCC_WARN_UNINITIALIZED_AUTOS = YES_AGGRESSIVE;
				GCC_WARN_UNUSED_FUNCTION = YES;
				GCC_WARN_UNUSED_VARIABLE = YES;
				IPHONEOS_DEPLOYMENT_TARGET = 16.2;
				MTL_ENABLE_DEBUG_INFO = NO;
				MTL_FAST_MATH = YES;
				SDKROOT = iphoneos;
				SWIFT_COMPILATION_MODE = wholemodule;
				SWIFT_OPTIMIZATION_LEVEL = "-O";
				VALIDATE_PRODUCT = YES;
			};
			name = Release;
		};
		844DA52129DE231500C7BB25 /* Debug */ = {
			isa = XCBuildConfiguration;
			buildSettings = {
				ASSETCATALOG_COMPILER_APPICON_NAME = AppIcon;
				ASSETCATALOG_COMPILER_GLOBAL_ACCENT_COLOR_NAME = AccentColor;
				CODE_SIGN_STYLE = Automatic;
				CURRENT_PROJECT_VERSION = 1;
				GENERATE_INFOPLIST_FILE = YES;
				INFOPLIST_FILE = telaModalComReferencia/Info.plist;
				INFOPLIST_KEY_UIApplicationSupportsIndirectInputEvents = YES;
				INFOPLIST_KEY_UILaunchStoryboardName = LaunchScreen;
				INFOPLIST_KEY_UIMainStoryboardFile = Main;
				INFOPLIST_KEY_UISupportedInterfaceOrientations_iPad = "UIInterfaceOrientationPortrait UIInterfaceOrientationPortraitUpsideDown UIInterfaceOrientationLandscapeLeft UIInterfaceOrientationLandscapeRight";
				INFOPLIST_KEY_UISupportedInterfaceOrientations_iPhone = "UIInterfaceOrientationPortrait UIInterfaceOrientationLandscapeLeft UIInterfaceOrientationLandscapeRight";
				LD_RUNPATH_SEARCH_PATHS = (
					"$(inherited)",
					"@executable_path/Frameworks",
				);
				MARKETING_VERSION = 1.0;
				PRODUCT_BUNDLE_IDENTIFIER = blackfrout.telaModalComReferencia;
				PRODUCT_NAME = "$(TARGET_NAME)";
				SWIFT_EMIT_LOC_STRINGS = YES;
				SWIFT_VERSION = 5.0;
				TARGETED_DEVICE_FAMILY = "1,2";
			};
			name = Debug;
		};
		844DA52229DE231500C7BB25 /* Release */ = {
			isa = XCBuildConfiguration;
			buildSettings = {
				ASSETCATALOG_COMPILER_APPICON_NAME = AppIcon;
				ASSETCATALOG_COMPILER_GLOBAL_ACCENT_COLOR_NAME = AccentColor;
				CODE_SIGN_STYLE = Automatic;
				CURRENT_PROJECT_VERSION = 1;
				GENERATE_INFOPLIST_FILE = YES;
				INFOPLIST_FILE = telaModalComReferencia/Info.plist;
				INFOPLIST_KEY_UIApplicationSupportsIndirectInputEvents = YES;
				INFOPLIST_KEY_UILaunchStoryboardName = LaunchScreen;
				INFOPLIST_KEY_UIMainStoryboardFile = Main;
				INFOPLIST_KEY_UISupportedInterfaceOrientations_iPad = "UIInterfaceOrientationPortrait UIInterfaceOrientationPortraitUpsideDown UIInterfaceOrientationLandscapeLeft UIInterfaceOrientationLandscapeRight";
				INFOPLIST_KEY_UISupportedInterfaceOrientations_iPhone = "UIInterfaceOrientationPortrait UIInterfaceOrientationLandscapeLeft UIInterfaceOrientationLandscapeRight";
				LD_RUNPATH_SEARCH_PATHS = (
					"$(inherited)",
					"@executable_path/Frameworks",
				);
				MARKETING_VERSION = 1.0;
				PRODUCT_BUNDLE_IDENTIFIER = blackfrout.telaModalComReferencia;
				PRODUCT_NAME = "$(TARGET_NAME)";
				SWIFT_EMIT_LOC_STRINGS = YES;
				SWIFT_VERSION = 5.0;
				TARGETED_DEVICE_FAMILY = "1,2";
			};
			name = Release;
		};
		844DA52429DE231500C7BB25 /* Debug */ = {
			isa = XCBuildConfiguration;
			buildSettings = {
				ALWAYS_EMBED_SWIFT_STANDARD_LIBRARIES = YES;
				BUNDLE_LOADER = "$(TEST_HOST)";
				CODE_SIGN_STYLE = Automatic;
				CURRENT_PROJECT_VERSION = 1;
				GENERATE_INFOPLIST_FILE = YES;
				IPHONEOS_DEPLOYMENT_TARGET = 16.2;
				MARKETING_VERSION = 1.0;
				PRODUCT_BUNDLE_IDENTIFIER = blackfrout.telaModalComReferenciaTests;
				PRODUCT_NAME = "$(TARGET_NAME)";
				SWIFT_EMIT_LOC_STRINGS = NO;
				SWIFT_VERSION = 5.0;
				TARGETED_DEVICE_FAMILY = "1,2";
				TEST_HOST = "$(BUILT_PRODUCTS_DIR)/telaModalComReferencia.app/$(BUNDLE_EXECUTABLE_FOLDER_PATH)/telaModalComReferencia";
			};
			name = Debug;
		};
		844DA52529DE231500C7BB25 /* Release */ = {
			isa = XCBuildConfiguration;
			buildSettings = {
				ALWAYS_EMBED_SWIFT_STANDARD_LIBRARIES = YES;
				BUNDLE_LOADER = "$(TEST_HOST)";
				CODE_SIGN_STYLE = Automatic;
				CURRENT_PROJECT_VERSION = 1;
				GENERATE_INFOPLIST_FILE = YES;
				IPHONEOS_DEPLOYMENT_TARGET = 16.2;
				MARKETING_VERSION = 1.0;
				PRODUCT_BUNDLE_IDENTIFIER = blackfrout.telaModalComReferenciaTests;
				PRODUCT_NAME = "$(TARGET_NAME)";
				SWIFT_EMIT_LOC_STRINGS = NO;
				SWIFT_VERSION = 5.0;
				TARGETED_DEVICE_FAMILY = "1,2";
				TEST_HOST = "$(BUILT_PRODUCTS_DIR)/telaModalComReferencia.app/$(BUNDLE_EXECUTABLE_FOLDER_PATH)/telaModalComReferencia";
			};
			name = Release;
		};
		844DA52729DE231500C7BB25 /* Debug */ = {
			isa = XCBuildConfiguration;
			buildSettings = {
				ALWAYS_EMBED_SWIFT_STANDARD_LIBRARIES = YES;
				CODE_SIGN_STYLE = Automatic;
				CURRENT_PROJECT_VERSION = 1;
				GENERATE_INFOPLIST_FILE = YES;
				MARKETING_VERSION = 1.0;
				PRODUCT_BUNDLE_IDENTIFIER = blackfrout.telaModalComReferenciaUITests;
				PRODUCT_NAME = "$(TARGET_NAME)";
				SWIFT_EMIT_LOC_STRINGS = NO;
				SWIFT_VERSION = 5.0;
				TARGETED_DEVICE_FAMILY = "1,2";
				TEST_TARGET_NAME = telaModalComReferencia;
			};
			name = Debug;
		};
		844DA52829DE231500C7BB25 /* Release */ = {
			isa = XCBuildConfiguration;
			buildSettings = {
				ALWAYS_EMBED_SWIFT_STANDARD_LIBRARIES = YES;
				CODE_SIGN_STYLE = Automatic;
				CURRENT_PROJECT_VERSION = 1;
				GENERATE_INFOPLIST_FILE = YES;
				MARKETING_VERSION = 1.0;
				PRODUCT_BUNDLE_IDENTIFIER = blackfrout.telaModalComReferenciaUITests;
				PRODUCT_NAME = "$(TARGET_NAME)";
				SWIFT_EMIT_LOC_STRINGS = NO;
				SWIFT_VERSION = 5.0;
				TARGETED_DEVICE_FAMILY = "1,2";
				TEST_TARGET_NAME = telaModalComReferencia;
			};
			name = Release;
		};
/* End XCBuildConfiguration section */

/* Begin XCConfigurationList section */
		844DA4F129DE231300C7BB25 /* Build configuration list for PBXProject "telaModalComReferencia" */ = {
			isa = XCConfigurationList;
			buildConfigurations = (
				844DA51E29DE231500C7BB25 /* Debug */,
				844DA51F29DE231500C7BB25 /* Release */,
			);
			defaultConfigurationIsVisible = 0;
			defaultConfigurationName = Release;
		};
		844DA52029DE231500C7BB25 /* Build configuration list for PBXNativeTarget "telaModalComReferencia" */ = {
			isa = XCConfigurationList;
			buildConfigurations = (
				844DA52129DE231500C7BB25 /* Debug */,
				844DA52229DE231500C7BB25 /* Release */,
			);
			defaultConfigurationIsVisible = 0;
			defaultConfigurationName = Release;
		};
		844DA52329DE231500C7BB25 /* Build configuration list for PBXNativeTarget "telaModalComReferenciaTests" */ = {
			isa = XCConfigurationList;
			buildConfigurations = (
				844DA52429DE231500C7BB25 /* Debug */,
				844DA52529DE231500C7BB25 /* Release */,
			);
			defaultConfigurationIsVisible = 0;
			defaultConfigurationName = Release;
		};
		844DA52629DE231500C7BB25 /* Build configuration list for PBXNativeTarget "telaModalComReferenciaUITests" */ = {
			isa = XCConfigurationList;
			buildConfigurations = (
				844DA52729DE231500C7BB25 /* Debug */,
				844DA52829DE231500C7BB25 /* Release */,
			);
			defaultConfigurationIsVisible = 0;
			defaultConfigurationName = Release;
		};
/* End XCConfigurationList section */
	};
	rootObject = 844DA4EE29DE231300C7BB25 /* Project object */;
}
