// !$*UTF8*$!
{
	archiveVersion = 1;
	classes = {
	};
	objectVersion = 56;
	objects = {

/* Begin PBXBuildFile section */
		84046CDE29DFA60B00A0ADFE /* AppDelegate.swift in Sources */ = {isa = PBXBuildFile; fileRef = 84046CDD29DFA60B00A0ADFE /* AppDelegate.swift */; };
		84046CE029DFA60B00A0ADFE /* SceneDelegate.swift in Sources */ = {isa = PBXBuildFile; fileRef = 84046CDF29DFA60B00A0ADFE /* SceneDelegate.swift */; };
		84046CE229DFA60B00A0ADFE /* ViewController.swift in Sources */ = {isa = PBXBuildFile; fileRef = 84046CE129DFA60B00A0ADFE /* ViewController.swift */; };
		84046CE529DFA60B00A0ADFE /* Main.storyboard in Resources */ = {isa = PBXBuildFile; fileRef = 84046CE329DFA60B00A0ADFE /* Main.storyboard */; };
		84046CE729DFA60C00A0ADFE /* Assets.xcassets in Resources */ = {isa = PBXBuildFile; fileRef = 84046CE629DFA60C00A0ADFE /* Assets.xcassets */; };
		84046CEA29DFA60C00A0ADFE /* LaunchScreen.storyboard in Resources */ = {isa = PBXBuildFile; fileRef = 84046CE829DFA60C00A0ADFE /* LaunchScreen.storyboard */; };
		84046CF529DFA60D00A0ADFE /* priemiroAppTableViewBFTests.swift in Sources */ = {isa = PBXBuildFile; fileRef = 84046CF429DFA60D00A0ADFE /* priemiroAppTableViewBFTests.swift */; };
		84046CFF29DFA60D00A0ADFE /* priemiroAppTableViewBFUITests.swift in Sources */ = {isa = PBXBuildFile; fileRef = 84046CFE29DFA60D00A0ADFE /* priemiroAppTableViewBFUITests.swift */; };
		84046D0129DFA60D00A0ADFE /* priemiroAppTableViewBFUITestsLaunchTests.swift in Sources */ = {isa = PBXBuildFile; fileRef = 84046D0029DFA60D00A0ADFE /* priemiroAppTableViewBFUITestsLaunchTests.swift */; };
/* End PBXBuildFile section */

/* Begin PBXContainerItemProxy section */
		84046CF129DFA60D00A0ADFE /* PBXContainerItemProxy */ = {
			isa = PBXContainerItemProxy;
			containerPortal = 84046CD229DFA60B00A0ADFE /* Project object */;
			proxyType = 1;
			remoteGlobalIDString = 84046CD929DFA60B00A0ADFE;
			remoteInfo = priemiroAppTableViewBF;
		};
		84046CFB29DFA60D00A0ADFE /* PBXContainerItemProxy */ = {
			isa = PBXContainerItemProxy;
			containerPortal = 84046CD229DFA60B00A0ADFE /* Project object */;
			proxyType = 1;
			remoteGlobalIDString = 84046CD929DFA60B00A0ADFE;
			remoteInfo = priemiroAppTableViewBF;
		};
/* End PBXContainerItemProxy section */

/* Begin PBXFileReference section */
		84046CDA29DFA60B00A0ADFE /* priemiroAppTableViewBF.app */ = {isa = PBXFileReference; explicitFileType = wrapper.application; includeInIndex = 0; path = priemiroAppTableViewBF.app; sourceTree = BUILT_PRODUCTS_DIR; };
		84046CDD29DFA60B00A0ADFE /* AppDelegate.swift */ = {isa = PBXFileReference; lastKnownFileType = sourcecode.swift; path = AppDelegate.swift; sourceTree = "<group>"; };
		84046CDF29DFA60B00A0ADFE /* SceneDelegate.swift */ = {isa = PBXFileReference; lastKnownFileType = sourcecode.swift; path = SceneDelegate.swift; sourceTree = "<group>"; };
		84046CE129DFA60B00A0ADFE /* ViewController.swift */ = {isa = PBXFileReference; lastKnownFileType = sourcecode.swift; path = ViewController.swift; sourceTree = "<group>"; };
		84046CE429DFA60B00A0ADFE /* Base */ = {isa = PBXFileReference; lastKnownFileType = file.storyboard; name = Base; path = Base.lproj/Main.storyboard; sourceTree = "<group>"; };
		84046CE629DFA60C00A0ADFE /* Assets.xcassets */ = {isa = PBXFileReference; lastKnownFileType = folder.assetcatalog; path = Assets.xcassets; sourceTree = "<group>"; };
		84046CE929DFA60C00A0ADFE /* Base */ = {isa = PBXFileReference; lastKnownFileType = file.storyboard; name = Base; path = Base.lproj/LaunchScreen.storyboard; sourceTree = "<group>"; };
		84046CEB29DFA60C00A0ADFE /* Info.plist */ = {isa = PBXFileReference; lastKnownFileType = text.plist.xml; path = Info.plist; sourceTree = "<group>"; };
		84046CF029DFA60D00A0ADFE /* priemiroAppTableViewBFTests.xctest */ = {isa = PBXFileReference; explicitFileType = wrapper.cfbundle; includeInIndex = 0; path = priemiroAppTableViewBFTests.xctest; sourceTree = BUILT_PRODUCTS_DIR; };
		84046CF429DFA60D00A0ADFE /* priemiroAppTableViewBFTests.swift */ = {isa = PBXFileReference; lastKnownFileType = sourcecode.swift; path = priemiroAppTableViewBFTests.swift; sourceTree = "<group>"; };
		84046CFA29DFA60D00A0ADFE /* priemiroAppTableViewBFUITests.xctest */ = {isa = PBXFileReference; explicitFileType = wrapper.cfbundle; includeInIndex = 0; path = priemiroAppTableViewBFUITests.xctest; sourceTree = BUILT_PRODUCTS_DIR; };
		84046CFE29DFA60D00A0ADFE /* priemiroAppTableViewBFUITests.swift */ = {isa = PBXFileReference; lastKnownFileType = sourcecode.swift; path = priemiroAppTableViewBFUITests.swift; sourceTree = "<group>"; };
		84046D0029DFA60D00A0ADFE /* priemiroAppTableViewBFUITestsLaunchTests.swift */ = {isa = PBXFileReference; lastKnownFileType = sourcecode.swift; path = priemiroAppTableViewBFUITestsLaunchTests.swift; sourceTree = "<group>"; };
/* End PBXFileReference section */

/* Begin PBXFrameworksBuildPhase section */
		84046CD729DFA60B00A0ADFE /* Frameworks */ = {
			isa = PBXFrameworksBuildPhase;
			buildActionMask = 2147483647;
			files = (
			);
			runOnlyForDeploymentPostprocessing = 0;
		};
		84046CED29DFA60D00A0ADFE /* Frameworks */ = {
			isa = PBXFrameworksBuildPhase;
			buildActionMask = 2147483647;
			files = (
			);
			runOnlyForDeploymentPostprocessing = 0;
		};
		84046CF729DFA60D00A0ADFE /* Frameworks */ = {
			isa = PBXFrameworksBuildPhase;
			buildActionMask = 2147483647;
			files = (
			);
			runOnlyForDeploymentPostprocessing = 0;
		};
/* End PBXFrameworksBuildPhase section */

/* Begin PBXGroup section */
		84046CD129DFA60B00A0ADFE = {
			isa = PBXGroup;
			children = (
				84046CDC29DFA60B00A0ADFE /* priemiroAppTableViewBF */,
				84046CF329DFA60D00A0ADFE /* priemiroAppTableViewBFTests */,
				84046CFD29DFA60D00A0ADFE /* priemiroAppTableViewBFUITests */,
				84046CDB29DFA60B00A0ADFE /* Products */,
			);
			sourceTree = "<group>";
		};
		84046CDB29DFA60B00A0ADFE /* Products */ = {
			isa = PBXGroup;
			children = (
				84046CDA29DFA60B00A0ADFE /* priemiroAppTableViewBF.app */,
				84046CF029DFA60D00A0ADFE /* priemiroAppTableViewBFTests.xctest */,
				84046CFA29DFA60D00A0ADFE /* priemiroAppTableViewBFUITests.xctest */,
			);
			name = Products;
			sourceTree = "<group>";
		};
		84046CDC29DFA60B00A0ADFE /* priemiroAppTableViewBF */ = {
			isa = PBXGroup;
			children = (
				84046CDD29DFA60B00A0ADFE /* AppDelegate.swift */,
				84046CDF29DFA60B00A0ADFE /* SceneDelegate.swift */,
				84046CE129DFA60B00A0ADFE /* ViewController.swift */,
				84046CE329DFA60B00A0ADFE /* Main.storyboard */,
				84046CE629DFA60C00A0ADFE /* Assets.xcassets */,
				84046CE829DFA60C00A0ADFE /* LaunchScreen.storyboard */,
				84046CEB29DFA60C00A0ADFE /* Info.plist */,
			);
			path = priemiroAppTableViewBF;
			sourceTree = "<group>";
		};
		84046CF329DFA60D00A0ADFE /* priemiroAppTableViewBFTests */ = {
			isa = PBXGroup;
			children = (
				84046CF429DFA60D00A0ADFE /* priemiroAppTableViewBFTests.swift */,
			);
			path = priemiroAppTableViewBFTests;
			sourceTree = "<group>";
		};
		84046CFD29DFA60D00A0ADFE /* priemiroAppTableViewBFUITests */ = {
			isa = PBXGroup;
			children = (
				84046CFE29DFA60D00A0ADFE /* priemiroAppTableViewBFUITests.swift */,
				84046D0029DFA60D00A0ADFE /* priemiroAppTableViewBFUITestsLaunchTests.swift */,
			);
			path = priemiroAppTableViewBFUITests;
			sourceTree = "<group>";
		};
/* End PBXGroup section */

/* Begin PBXNativeTarget section */
		84046CD929DFA60B00A0ADFE /* priemiroAppTableViewBF */ = {
			isa = PBXNativeTarget;
			buildConfigurationList = 84046D0429DFA60D00A0ADFE /* Build configuration list for PBXNativeTarget "priemiroAppTableViewBF" */;
			buildPhases = (
				84046CD629DFA60B00A0ADFE /* Sources */,
				84046CD729DFA60B00A0ADFE /* Frameworks */,
				84046CD829DFA60B00A0ADFE /* Resources */,
			);
			buildRules = (
			);
			dependencies = (
			);
			name = priemiroAppTableViewBF;
			productName = priemiroAppTableViewBF;
			productReference = 84046CDA29DFA60B00A0ADFE /* priemiroAppTableViewBF.app */;
			productType = "com.apple.product-type.application";
		};
		84046CEF29DFA60D00A0ADFE /* priemiroAppTableViewBFTests */ = {
			isa = PBXNativeTarget;
			buildConfigurationList = 84046D0729DFA60D00A0ADFE /* Build configuration list for PBXNativeTarget "priemiroAppTableViewBFTests" */;
			buildPhases = (
				84046CEC29DFA60D00A0ADFE /* Sources */,
				84046CED29DFA60D00A0ADFE /* Frameworks */,
				84046CEE29DFA60D00A0ADFE /* Resources */,
			);
			buildRules = (
			);
			dependencies = (
				84046CF229DFA60D00A0ADFE /* PBXTargetDependency */,
			);
			name = priemiroAppTableViewBFTests;
			productName = priemiroAppTableViewBFTests;
			productReference = 84046CF029DFA60D00A0ADFE /* priemiroAppTableViewBFTests.xctest */;
			productType = "com.apple.product-type.bundle.unit-test";
		};
		84046CF929DFA60D00A0ADFE /* priemiroAppTableViewBFUITests */ = {
			isa = PBXNativeTarget;
			buildConfigurationList = 84046D0A29DFA60D00A0ADFE /* Build configuration list for PBXNativeTarget "priemiroAppTableViewBFUITests" */;
			buildPhases = (
				84046CF629DFA60D00A0ADFE /* Sources */,
				84046CF729DFA60D00A0ADFE /* Frameworks */,
				84046CF829DFA60D00A0ADFE /* Resources */,
			);
			buildRules = (
			);
			dependencies = (
				84046CFC29DFA60D00A0ADFE /* PBXTargetDependency */,
			);
			name = priemiroAppTableViewBFUITests;
			productName = priemiroAppTableViewBFUITests;
			productReference = 84046CFA29DFA60D00A0ADFE /* priemiroAppTableViewBFUITests.xctest */;
			productType = "com.apple.product-type.bundle.ui-testing";
		};
/* End PBXNativeTarget section */

/* Begin PBXProject section */
		84046CD229DFA60B00A0ADFE /* Project object */ = {
			isa = PBXProject;
			attributes = {
				BuildIndependentTargetsInParallel = 1;
				LastSwiftUpdateCheck = 1420;
				LastUpgradeCheck = 1420;
				TargetAttributes = {
					84046CD929DFA60B00A0ADFE = {
						CreatedOnToolsVersion = 14.2;
					};
					84046CEF29DFA60D00A0ADFE = {
						CreatedOnToolsVersion = 14.2;
						TestTargetID = 84046CD929DFA60B00A0ADFE;
					};
					84046CF929DFA60D00A0ADFE = {
						CreatedOnToolsVersion = 14.2;
						TestTargetID = 84046CD929DFA60B00A0ADFE;
					};
				};
			};
			buildConfigurationList = 84046CD529DFA60B00A0ADFE /* Build configuration list for PBXProject "priemiroAppTableViewBF" */;
			compatibilityVersion = "Xcode 14.0";
			developmentRegion = en;
			hasScannedForEncodings = 0;
			knownRegions = (
				en,
				Base,
			);
			mainGroup = 84046CD129DFA60B00A0ADFE;
			productRefGroup = 84046CDB29DFA60B00A0ADFE /* Products */;
			projectDirPath = "";
			projectRoot = "";
			targets = (
				84046CD929DFA60B00A0ADFE /* priemiroAppTableViewBF */,
				84046CEF29DFA60D00A0ADFE /* priemiroAppTableViewBFTests */,
				84046CF929DFA60D00A0ADFE /* priemiroAppTableViewBFUITests */,
			);
		};
/* End PBXProject section */

/* Begin PBXResourcesBuildPhase section */
		84046CD829DFA60B00A0ADFE /* Resources */ = {
			isa = PBXResourcesBuildPhase;
			buildActionMask = 2147483647;
			files = (
				84046CEA29DFA60C00A0ADFE /* LaunchScreen.storyboard in Resources */,
				84046CE729DFA60C00A0ADFE /* Assets.xcassets in Resources */,
				84046CE529DFA60B00A0ADFE /* Main.storyboard in Resources */,
			);
			runOnlyForDeploymentPostprocessing = 0;
		};
		84046CEE29DFA60D00A0ADFE /* Resources */ = {
			isa = PBXResourcesBuildPhase;
			buildActionMask = 2147483647;
			files = (
			);
			runOnlyForDeploymentPostprocessing = 0;
		};
		84046CF829DFA60D00A0ADFE /* Resources */ = {
			isa = PBXResourcesBuildPhase;
			buildActionMask = 2147483647;
			files = (
			);
			runOnlyForDeploymentPostprocessing = 0;
		};
/* End PBXResourcesBuildPhase section */

/* Begin PBXSourcesBuildPhase section */
		84046CD629DFA60B00A0ADFE /* Sources */ = {
			isa = PBXSourcesBuildPhase;
			buildActionMask = 2147483647;
			files = (
				84046CE229DFA60B00A0ADFE /* ViewController.swift in Sources */,
				84046CDE29DFA60B00A0ADFE /* AppDelegate.swift in Sources */,
				84046CE029DFA60B00A0ADFE /* SceneDelegate.swift in Sources */,
			);
			runOnlyForDeploymentPostprocessing = 0;
		};
		84046CEC29DFA60D00A0ADFE /* Sources */ = {
			isa = PBXSourcesBuildPhase;
			buildActionMask = 2147483647;
			files = (
				84046CF529DFA60D00A0ADFE /* priemiroAppTableViewBFTests.swift in Sources */,
			);
			runOnlyForDeploymentPostprocessing = 0;
		};
		84046CF629DFA60D00A0ADFE /* Sources */ = {
			isa = PBXSourcesBuildPhase;
			buildActionMask = 2147483647;
			files = (
				84046CFF29DFA60D00A0ADFE /* priemiroAppTableViewBFUITests.swift in Sources */,
				84046D0129DFA60D00A0ADFE /* priemiroAppTableViewBFUITestsLaunchTests.swift in Sources */,
			);
			runOnlyForDeploymentPostprocessing = 0;
		};
/* End PBXSourcesBuildPhase section */

/* Begin PBXTargetDependency section */
		84046CF229DFA60D00A0ADFE /* PBXTargetDependency */ = {
			isa = PBXTargetDependency;
			target = 84046CD929DFA60B00A0ADFE /* priemiroAppTableViewBF */;
			targetProxy = 84046CF129DFA60D00A0ADFE /* PBXContainerItemProxy */;
		};
		84046CFC29DFA60D00A0ADFE /* PBXTargetDependency */ = {
			isa = PBXTargetDependency;
			target = 84046CD929DFA60B00A0ADFE /* priemiroAppTableViewBF */;
			targetProxy = 84046CFB29DFA60D00A0ADFE /* PBXContainerItemProxy */;
		};
/* End PBXTargetDependency section */

/* Begin PBXVariantGroup section */
		84046CE329DFA60B00A0ADFE /* Main.storyboard */ = {
			isa = PBXVariantGroup;
			children = (
				84046CE429DFA60B00A0ADFE /* Base */,
			);
			name = Main.storyboard;
			sourceTree = "<group>";
		};
		84046CE829DFA60C00A0ADFE /* LaunchScreen.storyboard */ = {
			isa = PBXVariantGroup;
			children = (
				84046CE929DFA60C00A0ADFE /* Base */,
			);
			name = LaunchScreen.storyboard;
			sourceTree = "<group>";
		};
/* End PBXVariantGroup section */

/* Begin XCBuildConfiguration section */
		84046D0229DFA60D00A0ADFE /* Debug */ = {
			isa = XCBuildConfiguration;
			buildSettings = {
				ALWAYS_SEARCH_USER_PATHS = NO;
				CLANG_ANALYZER_NONNULL = YES;
				CLANG_ANALYZER_NUMBER_OBJECT_CONVERSION = YES_AGGRESSIVE;
				CLANG_CXX_LANGUAGE_STANDARD = "gnu++20";
				CLANG_ENABLE_MODULES = YES;
				CLANG_ENABLE_OBJC_ARC = YES;
				CLANG_ENABLE_OBJC_WEAK = YES;
				CLANG_WARN_BLOCK_CAPTURE_AUTORELEASING = YES;
				CLANG_WARN_BOOL_CONVERSION = YES;
				CLANG_WARN_COMMA = YES;
				CLANG_WARN_CONSTANT_CONVERSION = YES;
				CLANG_WARN_DEPRECATED_OBJC_IMPLEMENTATIONS = YES;
				CLANG_WARN_DIRECT_OBJC_ISA_USAGE = YES_ERROR;
				CLANG_WARN_DOCUMENTATION_COMMENTS = YES;
				CLANG_WARN_EMPTY_BODY = YES;
				CLANG_WARN_ENUM_CONVERSION = YES;
				CLANG_WARN_INFINITE_RECURSION = YES;
				CLANG_WARN_INT_CONVERSION = YES;
				CLANG_WARN_NON_LITERAL_NULL_CONVERSION = YES;
				CLANG_WARN_OBJC_IMPLICIT_RETAIN_SELF = YES;
				CLANG_WARN_OBJC_LITERAL_CONVERSION = YES;
				CLANG_WARN_OBJC_ROOT_CLASS = YES_ERROR;
				CLANG_WARN_QUOTED_INCLUDE_IN_FRAMEWORK_HEADER = YES;
				CLANG_WARN_RANGE_LOOP_ANALYSIS = YES;
				CLANG_WARN_STRICT_PROTOTYPES = YES;
				CLANG_WARN_SUSPICIOUS_MOVE = YES;
				CLANG_WARN_UNGUARDED_AVAILABILITY = YES_AGGRESSIVE;
				CLANG_WARN_UNREACHABLE_CODE = YES;
				CLANG_WARN__DUPLICATE_METHOD_MATCH = YES;
				COPY_PHASE_STRIP = NO;
				DEBUG_INFORMATION_FORMAT = dwarf;
				ENABLE_STRICT_OBJC_MSGSEND = YES;
				ENABLE_TESTABILITY = YES;
				GCC_C_LANGUAGE_STANDARD = gnu11;
				GCC_DYNAMIC_NO_PIC = NO;
				GCC_NO_COMMON_BLOCKS = YES;
				GCC_OPTIMIZATION_LEVEL = 0;
				GCC_PREPROCESSOR_DEFINITIONS = (
					"DEBUG=1",
					"$(inherited)",
				);
				GCC_WARN_64_TO_32_BIT_CONVERSION = YES;
				GCC_WARN_ABOUT_RETURN_TYPE = YES_ERROR;
				GCC_WARN_UNDECLARED_SELECTOR = YES;
				GCC_WARN_UNINITIALIZED_AUTOS = YES_AGGRESSIVE;
				GCC_WARN_UNUSED_FUNCTION = YES;
				GCC_WARN_UNUSED_VARIABLE = YES;
				IPHONEOS_DEPLOYMENT_TARGET = 16.2;
				MTL_ENABLE_DEBUG_INFO = INCLUDE_SOURCE;
				MTL_FAST_MATH = YES;
				ONLY_ACTIVE_ARCH = YES;
				SDKROOT = iphoneos;
				SWIFT_ACTIVE_COMPILATION_CONDITIONS = DEBUG;
				SWIFT_OPTIMIZATION_LEVEL = "-Onone";
			};
			name = Debug;
		};
		84046D0329DFA60D00A0ADFE /* Release */ = {
			isa = XCBuildConfiguration;
			buildSettings = {
				ALWAYS_SEARCH_USER_PATHS = NO;
				CLANG_ANALYZER_NONNULL = YES;
				CLANG_ANALYZER_NUMBER_OBJECT_CONVERSION = YES_AGGRESSIVE;
				CLANG_CXX_LANGUAGE_STANDARD = "gnu++20";
				CLANG_ENABLE_MODULES = YES;
				CLANG_ENABLE_OBJC_ARC = YES;
				CLANG_ENABLE_OBJC_WEAK = YES;
				CLANG_WARN_BLOCK_CAPTURE_AUTORELEASING = YES;
				CLANG_WARN_BOOL_CONVERSION = YES;
				CLANG_WARN_COMMA = YES;
				CLANG_WARN_CONSTANT_CONVERSION = YES;
				CLANG_WARN_DEPRECATED_OBJC_IMPLEMENTATIONS = YES;
				CLANG_WARN_DIRECT_OBJC_ISA_USAGE = YES_ERROR;
				CLANG_WARN_DOCUMENTATION_COMMENTS = YES;
				CLANG_WARN_EMPTY_BODY = YES;
				CLANG_WARN_ENUM_CONVERSION = YES;
				CLANG_WARN_INFINITE_RECURSION = YES;
				CLANG_WARN_INT_CONVERSION = YES;
				CLANG_WARN_NON_LITERAL_NULL_CONVERSION = YES;
				CLANG_WARN_OBJC_IMPLICIT_RETAIN_SELF = YES;
				CLANG_WARN_OBJC_LITERAL_CONVERSION = YES;
				CLANG_WARN_OBJC_ROOT_CLASS = YES_ERROR;
				CLANG_WARN_QUOTED_INCLUDE_IN_FRAMEWORK_HEADER = YES;
				CLANG_WARN_RANGE_LOOP_ANALYSIS = YES;
				CLANG_WARN_STRICT_PROTOTYPES = YES;
				CLANG_WARN_SUSPICIOUS_MOVE = YES;
				CLANG_WARN_UNGUARDED_AVAILABILITY = YES_AGGRESSIVE;
				CLANG_WARN_UNREACHABLE_CODE = YES;
				CLANG_WARN__DUPLICATE_METHOD_MATCH = YES;
				COPY_PHASE_STRIP = NO;
				DEBUG_INFORMATION_FORMAT = "dwarf-with-dsym";
				ENABLE_NS_ASSERTIONS = NO;
				ENABLE_STRICT_OBJC_MSGSEND = YES;
				GCC_C_LANGUAGE_STANDARD = gnu11;
				GCC_NO_COMMON_BLOCKS = YES;
				GCC_WARN_64_TO_32_BIT_CONVERSION = YES;
				GCC_WARN_ABOUT_RETURN_TYPE = YES_ERROR;
				GCC_WARN_UNDECLARED_SELECTOR = YES;
				GCC_WARN_UNINITIALIZED_AUTOS = YES_AGGRESSIVE;
				GCC_WARN_UNUSED_FUNCTION = YES;
				GCC_WARN_UNUSED_VARIABLE = YES;
				IPHONEOS_DEPLOYMENT_TARGET = 16.2;
				MTL_ENABLE_DEBUG_INFO = NO;
				MTL_FAST_MATH = YES;
				SDKROOT = iphoneos;
				SWIFT_COMPILATION_MODE = wholemodule;
				SWIFT_OPTIMIZATION_LEVEL = "-O";
				VALIDATE_PRODUCT = YES;
			};
			name = Release;
		};
		84046D0529DFA60D00A0ADFE /* Debug */ = {
			isa = XCBuildConfiguration;
			buildSettings = {
				ASSETCATALOG_COMPILER_APPICON_NAME = AppIcon;
				ASSETCATALOG_COMPILER_GLOBAL_ACCENT_COLOR_NAME = AccentColor;
				CODE_SIGN_STYLE = Automatic;
				CURRENT_PROJECT_VERSION = 1;
				GENERATE_INFOPLIST_FILE = YES;
				INFOPLIST_FILE = priemiroAppTableViewBF/Info.plist;
				INFOPLIST_KEY_UIApplicationSupportsIndirectInputEvents = YES;
				INFOPLIST_KEY_UILaunchStoryboardName = LaunchScreen;
				INFOPLIST_KEY_UIMainStoryboardFile = Main;
				INFOPLIST_KEY_UISupportedInterfaceOrientations_iPad = "UIInterfaceOrientationPortrait UIInterfaceOrientationPortraitUpsideDown UIInterfaceOrientationLandscapeLeft UIInterfaceOrientationLandscapeRight";
				INFOPLIST_KEY_UISupportedInterfaceOrientations_iPhone = "UIInterfaceOrientationPortrait UIInterfaceOrientationLandscapeLeft UIInterfaceOrientationLandscapeRight";
				LD_RUNPATH_SEARCH_PATHS = (
					"$(inherited)",
					"@executable_path/Frameworks",
				);
				MARKETING_VERSION = 1.0;
				PRODUCT_BUNDLE_IDENTIFIER = blackfrout.priemiroAppTableViewBF;
				PRODUCT_NAME = "$(TARGET_NAME)";
				SWIFT_EMIT_LOC_STRINGS = YES;
				SWIFT_VERSION = 5.0;
				TARGETED_DEVICE_FAMILY = "1,2";
			};
			name = Debug;
		};
		84046D0629DFA60D00A0ADFE /* Release */ = {
			isa = XCBuildConfiguration;
			buildSettings = {
				ASSETCATALOG_COMPILER_APPICON_NAME = AppIcon;
				ASSETCATALOG_COMPILER_GLOBAL_ACCENT_COLOR_NAME = AccentColor;
				CODE_SIGN_STYLE = Automatic;
				CURRENT_PROJECT_VERSION = 1;
				GENERATE_INFOPLIST_FILE = YES;
				INFOPLIST_FILE = priemiroAppTableViewBF/Info.plist;
				INFOPLIST_KEY_UIApplicationSupportsIndirectInputEvents = YES;
				INFOPLIST_KEY_UILaunchStoryboardName = LaunchScreen;
				INFOPLIST_KEY_UIMainStoryboardFile = Main;
				INFOPLIST_KEY_UISupportedInterfaceOrientations_iPad = "UIInterfaceOrientationPortrait UIInterfaceOrientationPortraitUpsideDown UIInterfaceOrientationLandscapeLeft UIInterfaceOrientationLandscapeRight";
				INFOPLIST_KEY_UISupportedInterfaceOrientations_iPhone = "UIInterfaceOrientationPortrait UIInterfaceOrientationLandscapeLeft UIInterfaceOrientationLandscapeRight";
				LD_RUNPATH_SEARCH_PATHS = (
					"$(inherited)",
					"@executable_path/Frameworks",
				);
				MARKETING_VERSION = 1.0;
				PRODUCT_BUNDLE_IDENTIFIER = blackfrout.priemiroAppTableViewBF;
				PRODUCT_NAME = "$(TARGET_NAME)";
				SWIFT_EMIT_LOC_STRINGS = YES;
				SWIFT_VERSION = 5.0;
				TARGETED_DEVICE_FAMILY = "1,2";
			};
			name = Release;
		};
		84046D0829DFA60D00A0ADFE /* Debug */ = {
			isa = XCBuildConfiguration;
			buildSettings = {
				ALWAYS_EMBED_SWIFT_STANDARD_LIBRARIES = YES;
				BUNDLE_LOADER = "$(TEST_HOST)";
				CODE_SIGN_STYLE = Automatic;
				CURRENT_PROJECT_VERSION = 1;
				GENERATE_INFOPLIST_FILE = YES;
				IPHONEOS_DEPLOYMENT_TARGET = 16.2;
				MARKETING_VERSION = 1.0;
				PRODUCT_BUNDLE_IDENTIFIER = blackfrout.priemiroAppTableViewBFTests;
				PRODUCT_NAME = "$(TARGET_NAME)";
				SWIFT_EMIT_LOC_STRINGS = NO;
				SWIFT_VERSION = 5.0;
				TARGETED_DEVICE_FAMILY = "1,2";
				TEST_HOST = "$(BUILT_PRODUCTS_DIR)/priemiroAppTableViewBF.app/$(BUNDLE_EXECUTABLE_FOLDER_PATH)/priemiroAppTableViewBF";
			};
			name = Debug;
		};
		84046D0929DFA60D00A0ADFE /* Release */ = {
			isa = XCBuildConfiguration;
			buildSettings = {
				ALWAYS_EMBED_SWIFT_STANDARD_LIBRARIES = YES;
				BUNDLE_LOADER = "$(TEST_HOST)";
				CODE_SIGN_STYLE = Automatic;
				CURRENT_PROJECT_VERSION = 1;
				GENERATE_INFOPLIST_FILE = YES;
				IPHONEOS_DEPLOYMENT_TARGET = 16.2;
				MARKETING_VERSION = 1.0;
				PRODUCT_BUNDLE_IDENTIFIER = blackfrout.priemiroAppTableViewBFTests;
				PRODUCT_NAME = "$(TARGET_NAME)";
				SWIFT_EMIT_LOC_STRINGS = NO;
				SWIFT_VERSION = 5.0;
				TARGETED_DEVICE_FAMILY = "1,2";
				TEST_HOST = "$(BUILT_PRODUCTS_DIR)/priemiroAppTableViewBF.app/$(BUNDLE_EXECUTABLE_FOLDER_PATH)/priemiroAppTableViewBF";
			};
			name = Release;
		};
		84046D0B29DFA60D00A0ADFE /* Debug */ = {
			isa = XCBuildConfiguration;
			buildSettings = {
				ALWAYS_EMBED_SWIFT_STANDARD_LIBRARIES = YES;
				CODE_SIGN_STYLE = Automatic;
				CURRENT_PROJECT_VERSION = 1;
				GENERATE_INFOPLIST_FILE = YES;
				MARKETING_VERSION = 1.0;
				PRODUCT_BUNDLE_IDENTIFIER = blackfrout.priemiroAppTableViewBFUITests;
				PRODUCT_NAME = "$(TARGET_NAME)";
				SWIFT_EMIT_LOC_STRINGS = NO;
				SWIFT_VERSION = 5.0;
				TARGETED_DEVICE_FAMILY = "1,2";
				TEST_TARGET_NAME = priemiroAppTableViewBF;
			};
			name = Debug;
		};
		84046D0C29DFA60D00A0ADFE /* Release */ = {
			isa = XCBuildConfiguration;
			buildSettings = {
				ALWAYS_EMBED_SWIFT_STANDARD_LIBRARIES = YES;
				CODE_SIGN_STYLE = Automatic;
				CURRENT_PROJECT_VERSION = 1;
				GENERATE_INFOPLIST_FILE = YES;
				MARKETING_VERSION = 1.0;
				PRODUCT_BUNDLE_IDENTIFIER = blackfrout.priemiroAppTableViewBFUITests;
				PRODUCT_NAME = "$(TARGET_NAME)";
				SWIFT_EMIT_LOC_STRINGS = NO;
				SWIFT_VERSION = 5.0;
				TARGETED_DEVICE_FAMILY = "1,2";
				TEST_TARGET_NAME = priemiroAppTableViewBF;
			};
			name = Release;
		};
/* End XCBuildConfiguration section */

/* Begin XCConfigurationList section */
		84046CD529DFA60B00A0ADFE /* Build configuration list for PBXProject "priemiroAppTableViewBF" */ = {
			isa = XCConfigurationList;
			buildConfigurations = (
				84046D0229DFA60D00A0ADFE /* Debug */,
				84046D0329DFA60D00A0ADFE /* Release */,
			);
			defaultConfigurationIsVisible = 0;
			defaultConfigurationName = Release;
		};
		84046D0429DFA60D00A0ADFE /* Build configuration list for PBXNativeTarget "priemiroAppTableViewBF" */ = {
			isa = XCConfigurationList;
			buildConfigurations = (
				84046D0529DFA60D00A0ADFE /* Debug */,
				84046D0629DFA60D00A0ADFE /* Release */,
			);
			defaultConfigurationIsVisible = 0;
			defaultConfigurationName = Release;
		};
		84046D0729DFA60D00A0ADFE /* Build configuration list for PBXNativeTarget "priemiroAppTableViewBFTests" */ = {
			isa = XCConfigurationList;
			buildConfigurations = (
				84046D0829DFA60D00A0ADFE /* Debug */,
				84046D0929DFA60D00A0ADFE /* Release */,
			);
			defaultConfigurationIsVisible = 0;
			defaultConfigurationName = Release;
		};
		84046D0A29DFA60D00A0ADFE /* Build configuration list for PBXNativeTarget "priemiroAppTableViewBFUITests" */ = {
			isa = XCConfigurationList;
			buildConfigurations = (
				84046D0B29DFA60D00A0ADFE /* Debug */,
				84046D0C29DFA60D00A0ADFE /* Release */,
			);
			defaultConfigurationIsVisible = 0;
			defaultConfigurationName = Release;
		};
/* End XCConfigurationList section */
	};
	rootObject = 84046CD229DFA60B00A0ADFE /* Project object */;
}
