// !$*UTF8*$!
{
	archiveVersion = 1;
	classes = {
	};
	objectVersion = 56;
	objects = {

/* Begin PBXBuildFile section */
		844DA4B629DDFB3000C7BB25 /* AppDelegate.swift in Sources */ = {isa = PBXBuildFile; fileRef = 844DA4B529DDFB3000C7BB25 /* AppDelegate.swift */; };
		844DA4B829DDFB3000C7BB25 /* SceneDelegate.swift in Sources */ = {isa = PBXBuildFile; fileRef = 844DA4B729DDFB3000C7BB25 /* SceneDelegate.swift */; };
		844DA4BA29DDFB3000C7BB25 /* ViewController.swift in Sources */ = {isa = PBXBuildFile; fileRef = 844DA4B929DDFB3000C7BB25 /* ViewController.swift */; };
		844DA4BD29DDFB3000C7BB25 /* Main.storyboard in Resources */ = {isa = PBXBuildFile; fileRef = 844DA4BB29DDFB3000C7BB25 /* Main.storyboard */; };
		844DA4BF29DDFB3100C7BB25 /* Assets.xcassets in Resources */ = {isa = PBXBuildFile; fileRef = 844DA4BE29DDFB3100C7BB25 /* Assets.xcassets */; };
		844DA4C229DDFB3100C7BB25 /* LaunchScreen.storyboard in Resources */ = {isa = PBXBuildFile; fileRef = 844DA4C029DDFB3100C7BB25 /* LaunchScreen.storyboard */; };
		844DA4EA29DDFF3400C7BB25 /* tela02ViewController.swift in Sources */ = {isa = PBXBuildFile; fileRef = 844DA4E929DDFF3400C7BB25 /* tela02ViewController.swift */; };
		844DA4EC29DDFF7500C7BB25 /* tela02ViewController.storyboard in Resources */ = {isa = PBXBuildFile; fileRef = 844DA4EB29DDFF7500C7BB25 /* tela02ViewController.storyboard */; };
/* End PBXBuildFile section */

/* Begin PBXContainerItemProxy section */
		844DA4C929DDFB3100C7BB25 /* PBXContainerItemProxy */ = {
			isa = PBXContainerItemProxy;
			containerPortal = 844DA4AA29DDFB3000C7BB25 /* Project object */;
			proxyType = 1;
			remoteGlobalIDString = 844DA4B129DDFB3000C7BB25;
			remoteInfo = "crinando telas de navegação";
		};
		844DA4D329DDFB3100C7BB25 /* PBXContainerItemProxy */ = {
			isa = PBXContainerItemProxy;
			containerPortal = 844DA4AA29DDFB3000C7BB25 /* Project object */;
			proxyType = 1;
			remoteGlobalIDString = 844DA4B129DDFB3000C7BB25;
			remoteInfo = "crinando telas de navegação";
		};
/* End PBXContainerItemProxy section */

/* Begin PBXFileReference section */
		844DA4B229DDFB3000C7BB25 /* crinando telas de navegação.app */ = {isa = PBXFileReference; explicitFileType = wrapper.application; includeInIndex = 0; path = "crinando telas de navegação.app"; sourceTree = BUILT_PRODUCTS_DIR; };
		844DA4B529DDFB3000C7BB25 /* AppDelegate.swift */ = {isa = PBXFileReference; lastKnownFileType = sourcecode.swift; path = AppDelegate.swift; sourceTree = "<group>"; };
		844DA4B729DDFB3000C7BB25 /* SceneDelegate.swift */ = {isa = PBXFileReference; lastKnownFileType = sourcecode.swift; path = SceneDelegate.swift; sourceTree = "<group>"; };
		844DA4B929DDFB3000C7BB25 /* ViewController.swift */ = {isa = PBXFileReference; lastKnownFileType = sourcecode.swift; path = ViewController.swift; sourceTree = "<group>"; };
		844DA4BC29DDFB3000C7BB25 /* Base */ = {isa = PBXFileReference; lastKnownFileType = file.storyboard; name = Base; path = Base.lproj/Main.storyboard; sourceTree = "<group>"; };
		844DA4BE29DDFB3100C7BB25 /* Assets.xcassets */ = {isa = PBXFileReference; lastKnownFileType = folder.assetcatalog; path = Assets.xcassets; sourceTree = "<group>"; };
		844DA4C129DDFB3100C7BB25 /* Base */ = {isa = PBXFileReference; lastKnownFileType = file.storyboard; name = Base; path = Base.lproj/LaunchScreen.storyboard; sourceTree = "<group>"; };
		844DA4C329DDFB3100C7BB25 /* Info.plist */ = {isa = PBXFileReference; lastKnownFileType = text.plist.xml; path = Info.plist; sourceTree = "<group>"; };
		844DA4C829DDFB3100C7BB25 /* crinando telas de navegaçãoTests.xctest */ = {isa = PBXFileReference; explicitFileType = wrapper.cfbundle; includeInIndex = 0; path = "crinando telas de navegaçãoTests.xctest"; sourceTree = BUILT_PRODUCTS_DIR; };
		844DA4D229DDFB3100C7BB25 /* crinando telas de navegaçãoUITests.xctest */ = {isa = PBXFileReference; explicitFileType = wrapper.cfbundle; includeInIndex = 0; path = "crinando telas de navegaçãoUITests.xctest"; sourceTree = BUILT_PRODUCTS_DIR; };
		844DA4E929DDFF3400C7BB25 /* tela02ViewController.swift */ = {isa = PBXFileReference; lastKnownFileType = sourcecode.swift; path = tela02ViewController.swift; sourceTree = "<group>"; };
		844DA4EB29DDFF7500C7BB25 /* tela02ViewController.storyboard */ = {isa = PBXFileReference; lastKnownFileType = file.storyboard; path = tela02ViewController.storyboard; sourceTree = "<group>"; };
/* End PBXFileReference section */

/* Begin PBXFrameworksBuildPhase section */
		844DA4AF29DDFB3000C7BB25 /* Frameworks */ = {
			isa = PBXFrameworksBuildPhase;
			buildActionMask = 2147483647;
			files = (
			);
			runOnlyForDeploymentPostprocessing = 0;
		};
		844DA4C529DDFB3100C7BB25 /* Frameworks */ = {
			isa = PBXFrameworksBuildPhase;
			buildActionMask = 2147483647;
			files = (
			);
			runOnlyForDeploymentPostprocessing = 0;
		};
		844DA4CF29DDFB3100C7BB25 /* Frameworks */ = {
			isa = PBXFrameworksBuildPhase;
			buildActionMask = 2147483647;
			files = (
			);
			runOnlyForDeploymentPostprocessing = 0;
		};
/* End PBXFrameworksBuildPhase section */

/* Begin PBXGroup section */
		844DA4A929DDFB3000C7BB25 = {
			isa = PBXGroup;
			children = (
				844DA4B429DDFB3000C7BB25 /* crinando telas de navegação */,
				844DA4B329DDFB3000C7BB25 /* Products */,
			);
			sourceTree = "<group>";
		};
		844DA4B329DDFB3000C7BB25 /* Products */ = {
			isa = PBXGroup;
			children = (
				844DA4B229DDFB3000C7BB25 /* crinando telas de navegação.app */,
				844DA4C829DDFB3100C7BB25 /* crinando telas de navegaçãoTests.xctest */,
				844DA4D229DDFB3100C7BB25 /* crinando telas de navegaçãoUITests.xctest */,
			);
			name = Products;
			sourceTree = "<group>";
		};
		844DA4B429DDFB3000C7BB25 /* crinando telas de navegação */ = {
			isa = PBXGroup;
			children = (
				844DA4E829DDFEEB00C7BB25 /* tela02 */,
				844DA4B529DDFB3000C7BB25 /* AppDelegate.swift */,
				844DA4B729DDFB3000C7BB25 /* SceneDelegate.swift */,
				844DA4B929DDFB3000C7BB25 /* ViewController.swift */,
				844DA4BB29DDFB3000C7BB25 /* Main.storyboard */,
				844DA4BE29DDFB3100C7BB25 /* Assets.xcassets */,
				844DA4C029DDFB3100C7BB25 /* LaunchScreen.storyboard */,
				844DA4C329DDFB3100C7BB25 /* Info.plist */,
			);
			path = "crinando telas de navegação";
			sourceTree = "<group>";
		};
		844DA4E829DDFEEB00C7BB25 /* tela02 */ = {
			isa = PBXGroup;
			children = (
				844DA4E929DDFF3400C7BB25 /* tela02ViewController.swift */,
				844DA4EB29DDFF7500C7BB25 /* tela02ViewController.storyboard */,
			);
			path = tela02;
			sourceTree = "<group>";
		};
/* End PBXGroup section */

/* Begin PBXNativeTarget section */
		844DA4B129DDFB3000C7BB25 /* crinando telas de navegação */ = {
			isa = PBXNativeTarget;
			buildConfigurationList = 844DA4DC29DDFB3100C7BB25 /* Build configuration list for PBXNativeTarget "crinando telas de navegação" */;
			buildPhases = (
				844DA4AE29DDFB3000C7BB25 /* Sources */,
				844DA4AF29DDFB3000C7BB25 /* Frameworks */,
				844DA4B029DDFB3000C7BB25 /* Resources */,
			);
			buildRules = (
			);
			dependencies = (
			);
			name = "crinando telas de navegação";
			productName = "crinando telas de navegação";
			productReference = 844DA4B229DDFB3000C7BB25 /* crinando telas de navegação.app */;
			productType = "com.apple.product-type.application";
		};
		844DA4C729DDFB3100C7BB25 /* crinando telas de navegaçãoTests */ = {
			isa = PBXNativeTarget;
			buildConfigurationList = 844DA4DF29DDFB3100C7BB25 /* Build configuration list for PBXNativeTarget "crinando telas de navegaçãoTests" */;
			buildPhases = (
				844DA4C429DDFB3100C7BB25 /* Sources */,
				844DA4C529DDFB3100C7BB25 /* Frameworks */,
				844DA4C629DDFB3100C7BB25 /* Resources */,
			);
			buildRules = (
			);
			dependencies = (
				844DA4CA29DDFB3100C7BB25 /* PBXTargetDependency */,
			);
			name = "crinando telas de navegaçãoTests";
			productName = "crinando telas de navegaçãoTests";
			productReference = 844DA4C829DDFB3100C7BB25 /* crinando telas de navegaçãoTests.xctest */;
			productType = "com.apple.product-type.bundle.unit-test";
		};
		844DA4D129DDFB3100C7BB25 /* crinando telas de navegaçãoUITests */ = {
			isa = PBXNativeTarget;
			buildConfigurationList = 844DA4E229DDFB3100C7BB25 /* Build configuration list for PBXNativeTarget "crinando telas de navegaçãoUITests" */;
			buildPhases = (
				844DA4CE29DDFB3100C7BB25 /* Sources */,
				844DA4CF29DDFB3100C7BB25 /* Frameworks */,
				844DA4D029DDFB3100C7BB25 /* Resources */,
			);
			buildRules = (
			);
			dependencies = (
				844DA4D429DDFB3100C7BB25 /* PBXTargetDependency */,
			);
			name = "crinando telas de navegaçãoUITests";
			productName = "crinando telas de navegaçãoUITests";
			productReference = 844DA4D229DDFB3100C7BB25 /* crinando telas de navegaçãoUITests.xctest */;
			productType = "com.apple.product-type.bundle.ui-testing";
		};
/* End PBXNativeTarget section */

/* Begin PBXProject section */
		844DA4AA29DDFB3000C7BB25 /* Project object */ = {
			isa = PBXProject;
			attributes = {
				BuildIndependentTargetsInParallel = 1;
				LastSwiftUpdateCheck = 1420;
				LastUpgradeCheck = 1420;
				TargetAttributes = {
					844DA4B129DDFB3000C7BB25 = {
						CreatedOnToolsVersion = 14.2;
					};
					844DA4C729DDFB3100C7BB25 = {
						CreatedOnToolsVersion = 14.2;
						TestTargetID = 844DA4B129DDFB3000C7BB25;
					};
					844DA4D129DDFB3100C7BB25 = {
						CreatedOnToolsVersion = 14.2;
						TestTargetID = 844DA4B129DDFB3000C7BB25;
					};
				};
			};
			buildConfigurationList = 844DA4AD29DDFB3000C7BB25 /* Build configuration list for PBXProject "crinando telas de navegação" */;
			compatibilityVersion = "Xcode 14.0";
			developmentRegion = en;
			hasScannedForEncodings = 0;
			knownRegions = (
				en,
				Base,
			);
			mainGroup = 844DA4A929DDFB3000C7BB25;
			productRefGroup = 844DA4B329DDFB3000C7BB25 /* Products */;
			projectDirPath = "";
			projectRoot = "";
			targets = (
				844DA4B129DDFB3000C7BB25 /* crinando telas de navegação */,
				844DA4C729DDFB3100C7BB25 /* crinando telas de navegaçãoTests */,
				844DA4D129DDFB3100C7BB25 /* crinando telas de navegaçãoUITests */,
			);
		};
/* End PBXProject section */

/* Begin PBXResourcesBuildPhase section */
		844DA4B029DDFB3000C7BB25 /* Resources */ = {
			isa = PBXResourcesBuildPhase;
			buildActionMask = 2147483647;
			files = (
				844DA4C229DDFB3100C7BB25 /* LaunchScreen.storyboard in Resources */,
				844DA4EC29DDFF7500C7BB25 /* tela02ViewController.storyboard in Resources */,
				844DA4BF29DDFB3100C7BB25 /* Assets.xcassets in Resources */,
				844DA4BD29DDFB3000C7BB25 /* Main.storyboard in Resources */,
			);
			runOnlyForDeploymentPostprocessing = 0;
		};
		844DA4C629DDFB3100C7BB25 /* Resources */ = {
			isa = PBXResourcesBuildPhase;
			buildActionMask = 2147483647;
			files = (
			);
			runOnlyForDeploymentPostprocessing = 0;
		};
		844DA4D029DDFB3100C7BB25 /* Resources */ = {
			isa = PBXResourcesBuildPhase;
			buildActionMask = 2147483647;
			files = (
			);
			runOnlyForDeploymentPostprocessing = 0;
		};
/* End PBXResourcesBuildPhase section */

/* Begin PBXSourcesBuildPhase section */
		844DA4AE29DDFB3000C7BB25 /* Sources */ = {
			isa = PBXSourcesBuildPhase;
			buildActionMask = 2147483647;
			files = (
				844DA4EA29DDFF3400C7BB25 /* tela02ViewController.swift in Sources */,
				844DA4BA29DDFB3000C7BB25 /* ViewController.swift in Sources */,
				844DA4B629DDFB3000C7BB25 /* AppDelegate.swift in Sources */,
				844DA4B829DDFB3000C7BB25 /* SceneDelegate.swift in Sources */,
			);
			runOnlyForDeploymentPostprocessing = 0;
		};
		844DA4C429DDFB3100C7BB25 /* Sources */ = {
			isa = PBXSourcesBuildPhase;
			buildActionMask = 2147483647;
			files = (
			);
			runOnlyForDeploymentPostprocessing = 0;
		};
		844DA4CE29DDFB3100C7BB25 /* Sources */ = {
			isa = PBXSourcesBuildPhase;
			buildActionMask = 2147483647;
			files = (
			);
			runOnlyForDeploymentPostprocessing = 0;
		};
/* End PBXSourcesBuildPhase section */

/* Begin PBXTargetDependency section */
		844DA4CA29DDFB3100C7BB25 /* PBXTargetDependency */ = {
			isa = PBXTargetDependency;
			target = 844DA4B129DDFB3000C7BB25 /* crinando telas de navegação */;
			targetProxy = 844DA4C929DDFB3100C7BB25 /* PBXContainerItemProxy */;
		};
		844DA4D429DDFB3100C7BB25 /* PBXTargetDependency */ = {
			isa = PBXTargetDependency;
			target = 844DA4B129DDFB3000C7BB25 /* crinando telas de navegação */;
			targetProxy = 844DA4D329DDFB3100C7BB25 /* PBXContainerItemProxy */;
		};
/* End PBXTargetDependency section */

/* Begin PBXVariantGroup section */
		844DA4BB29DDFB3000C7BB25 /* Main.storyboard */ = {
			isa = PBXVariantGroup;
			children = (
				844DA4BC29DDFB3000C7BB25 /* Base */,
			);
			name = Main.storyboard;
			sourceTree = "<group>";
		};
		844DA4C029DDFB3100C7BB25 /* LaunchScreen.storyboard */ = {
			isa = PBXVariantGroup;
			children = (
				844DA4C129DDFB3100C7BB25 /* Base */,
			);
			name = LaunchScreen.storyboard;
			sourceTree = "<group>";
		};
/* End PBXVariantGroup section */

/* Begin XCBuildConfiguration section */
		844DA4DA29DDFB3100C7BB25 /* Debug */ = {
			isa = XCBuildConfiguration;
			buildSettings = {
				ALWAYS_SEARCH_USER_PATHS = NO;
				CLANG_ANALYZER_NONNULL = YES;
				CLANG_ANALYZER_NUMBER_OBJECT_CONVERSION = YES_AGGRESSIVE;
				CLANG_CXX_LANGUAGE_STANDARD = "gnu++20";
				CLANG_ENABLE_MODULES = YES;
				CLANG_ENABLE_OBJC_ARC = YES;
				CLANG_ENABLE_OBJC_WEAK = YES;
				CLANG_WARN_BLOCK_CAPTURE_AUTORELEASING = YES;
				CLANG_WARN_BOOL_CONVERSION = YES;
				CLANG_WARN_COMMA = YES;
				CLANG_WARN_CONSTANT_CONVERSION = YES;
				CLANG_WARN_DEPRECATED_OBJC_IMPLEMENTATIONS = YES;
				CLANG_WARN_DIRECT_OBJC_ISA_USAGE = YES_ERROR;
				CLANG_WARN_DOCUMENTATION_COMMENTS = YES;
				CLANG_WARN_EMPTY_BODY = YES;
				CLANG_WARN_ENUM_CONVERSION = YES;
				CLANG_WARN_INFINITE_RECURSION = YES;
				CLANG_WARN_INT_CONVERSION = YES;
				CLANG_WARN_NON_LITERAL_NULL_CONVERSION = YES;
				CLANG_WARN_OBJC_IMPLICIT_RETAIN_SELF = YES;
				CLANG_WARN_OBJC_LITERAL_CONVERSION = YES;
				CLANG_WARN_OBJC_ROOT_CLASS = YES_ERROR;
				CLANG_WARN_QUOTED_INCLUDE_IN_FRAMEWORK_HEADER = YES;
				CLANG_WARN_RANGE_LOOP_ANALYSIS = YES;
				CLANG_WARN_STRICT_PROTOTYPES = YES;
				CLANG_WARN_SUSPICIOUS_MOVE = YES;
				CLANG_WARN_UNGUARDED_AVAILABILITY = YES_AGGRESSIVE;
				CLANG_WARN_UNREACHABLE_CODE = YES;
				CLANG_WARN__DUPLICATE_METHOD_MATCH = YES;
				COPY_PHASE_STRIP = NO;
				DEBUG_INFORMATION_FORMAT = dwarf;
				ENABLE_STRICT_OBJC_MSGSEND = YES;
				ENABLE_TESTABILITY = YES;
				GCC_C_LANGUAGE_STANDARD = gnu11;
				GCC_DYNAMIC_NO_PIC = NO;
				GCC_NO_COMMON_BLOCKS = YES;
				GCC_OPTIMIZATION_LEVEL = 0;
				GCC_PREPROCESSOR_DEFINITIONS = (
					"DEBUG=1",
					"$(inherited)",
				);
				GCC_WARN_64_TO_32_BIT_CONVERSION = YES;
				GCC_WARN_ABOUT_RETURN_TYPE = YES_ERROR;
				GCC_WARN_UNDECLARED_SELECTOR = YES;
				GCC_WARN_UNINITIALIZED_AUTOS = YES_AGGRESSIVE;
				GCC_WARN_UNUSED_FUNCTION = YES;
				GCC_WARN_UNUSED_VARIABLE = YES;
				IPHONEOS_DEPLOYMENT_TARGET = 16.2;
				MTL_ENABLE_DEBUG_INFO = INCLUDE_SOURCE;
				MTL_FAST_MATH = YES;
				ONLY_ACTIVE_ARCH = YES;
				SDKROOT = iphoneos;
				SWIFT_ACTIVE_COMPILATION_CONDITIONS = DEBUG;
				SWIFT_OPTIMIZATION_LEVEL = "-Onone";
			};
			name = Debug;
		};
		844DA4DB29DDFB3100C7BB25 /* Release */ = {
			isa = XCBuildConfiguration;
			buildSettings = {
				ALWAYS_SEARCH_USER_PATHS = NO;
				CLANG_ANALYZER_NONNULL = YES;
				CLANG_ANALYZER_NUMBER_OBJECT_CONVERSION = YES_AGGRESSIVE;
				CLANG_CXX_LANGUAGE_STANDARD = "gnu++20";
				CLANG_ENABLE_MODULES = YES;
				CLANG_ENABLE_OBJC_ARC = YES;
				CLANG_ENABLE_OBJC_WEAK = YES;
				CLANG_WARN_BLOCK_CAPTURE_AUTORELEASING = YES;
				CLANG_WARN_BOOL_CONVERSION = YES;
				CLANG_WARN_COMMA = YES;
				CLANG_WARN_CONSTANT_CONVERSION = YES;
				CLANG_WARN_DEPRECATED_OBJC_IMPLEMENTATIONS = YES;
				CLANG_WARN_DIRECT_OBJC_ISA_USAGE = YES_ERROR;
				CLANG_WARN_DOCUMENTATION_COMMENTS = YES;
				CLANG_WARN_EMPTY_BODY = YES;
				CLANG_WARN_ENUM_CONVERSION = YES;
				CLANG_WARN_INFINITE_RECURSION = YES;
				CLANG_WARN_INT_CONVERSION = YES;
				CLANG_WARN_NON_LITERAL_NULL_CONVERSION = YES;
				CLANG_WARN_OBJC_IMPLICIT_RETAIN_SELF = YES;
				CLANG_WARN_OBJC_LITERAL_CONVERSION = YES;
				CLANG_WARN_OBJC_ROOT_CLASS = YES_ERROR;
				CLANG_WARN_QUOTED_INCLUDE_IN_FRAMEWORK_HEADER = YES;
				CLANG_WARN_RANGE_LOOP_ANALYSIS = YES;
				CLANG_WARN_STRICT_PROTOTYPES = YES;
				CLANG_WARN_SUSPICIOUS_MOVE = YES;
				CLANG_WARN_UNGUARDED_AVAILABILITY = YES_AGGRESSIVE;
				CLANG_WARN_UNREACHABLE_CODE = YES;
				CLANG_WARN__DUPLICATE_METHOD_MATCH = YES;
				COPY_PHASE_STRIP = NO;
				DEBUG_INFORMATION_FORMAT = "dwarf-with-dsym";
				ENABLE_NS_ASSERTIONS = NO;
				ENABLE_STRICT_OBJC_MSGSEND = YES;
				GCC_C_LANGUAGE_STANDARD = gnu11;
				GCC_NO_COMMON_BLOCKS = YES;
				GCC_WARN_64_TO_32_BIT_CONVERSION = YES;
				GCC_WARN_ABOUT_RETURN_TYPE = YES_ERROR;
				GCC_WARN_UNDECLARED_SELECTOR = YES;
				GCC_WARN_UNINITIALIZED_AUTOS = YES_AGGRESSIVE;
				GCC_WARN_UNUSED_FUNCTION = YES;
				GCC_WARN_UNUSED_VARIABLE = YES;
				IPHONEOS_DEPLOYMENT_TARGET = 16.2;
				MTL_ENABLE_DEBUG_INFO = NO;
				MTL_FAST_MATH = YES;
				SDKROOT = iphoneos;
				SWIFT_COMPILATION_MODE = wholemodule;
				SWIFT_OPTIMIZATION_LEVEL = "-O";
				VALIDATE_PRODUCT = YES;
			};
			name = Release;
		};
		844DA4DD29DDFB3100C7BB25 /* Debug */ = {
			isa = XCBuildConfiguration;
			buildSettings = {
				ASSETCATALOG_COMPILER_APPICON_NAME = AppIcon;
				ASSETCATALOG_COMPILER_GLOBAL_ACCENT_COLOR_NAME = AccentColor;
				CODE_SIGN_STYLE = Automatic;
				CURRENT_PROJECT_VERSION = 1;
				GENERATE_INFOPLIST_FILE = YES;
				INFOPLIST_FILE = "crinando telas de navegação/Info.plist";
				INFOPLIST_KEY_UIApplicationSupportsIndirectInputEvents = YES;
				INFOPLIST_KEY_UILaunchStoryboardName = LaunchScreen;
				INFOPLIST_KEY_UIMainStoryboardFile = Main;
				INFOPLIST_KEY_UISupportedInterfaceOrientations_iPad = "UIInterfaceOrientationPortrait UIInterfaceOrientationPortraitUpsideDown UIInterfaceOrientationLandscapeLeft UIInterfaceOrientationLandscapeRight";
				INFOPLIST_KEY_UISupportedInterfaceOrientations_iPhone = "UIInterfaceOrientationPortrait UIInterfaceOrientationLandscapeLeft UIInterfaceOrientationLandscapeRight";
				LD_RUNPATH_SEARCH_PATHS = (
					"$(inherited)",
					"@executable_path/Frameworks",
				);
				MARKETING_VERSION = 1.0;
				PRODUCT_BUNDLE_IDENTIFIER = "blackfrout.crinando-telas-de-navegac-a-o";
				PRODUCT_NAME = "$(TARGET_NAME)";
				SWIFT_EMIT_LOC_STRINGS = YES;
				SWIFT_VERSION = 5.0;
				TARGETED_DEVICE_FAMILY = "1,2";
			};
			name = Debug;
		};
		844DA4DE29DDFB3100C7BB25 /* Release */ = {
			isa = XCBuildConfiguration;
			buildSettings = {
				ASSETCATALOG_COMPILER_APPICON_NAME = AppIcon;
				ASSETCATALOG_COMPILER_GLOBAL_ACCENT_COLOR_NAME = AccentColor;
				CODE_SIGN_STYLE = Automatic;
				CURRENT_PROJECT_VERSION = 1;
				GENERATE_INFOPLIST_FILE = YES;
				INFOPLIST_FILE = "crinando telas de navegação/Info.plist";
				INFOPLIST_KEY_UIApplicationSupportsIndirectInputEvents = YES;
				INFOPLIST_KEY_UILaunchStoryboardName = LaunchScreen;
				INFOPLIST_KEY_UIMainStoryboardFile = Main;
				INFOPLIST_KEY_UISupportedInterfaceOrientations_iPad = "UIInterfaceOrientationPortrait UIInterfaceOrientationPortraitUpsideDown UIInterfaceOrientationLandscapeLeft UIInterfaceOrientationLandscapeRight";
				INFOPLIST_KEY_UISupportedInterfaceOrientations_iPhone = "UIInterfaceOrientationPortrait UIInterfaceOrientationLandscapeLeft UIInterfaceOrientationLandscapeRight";
				LD_RUNPATH_SEARCH_PATHS = (
					"$(inherited)",
					"@executable_path/Frameworks",
				);
				MARKETING_VERSION = 1.0;
				PRODUCT_BUNDLE_IDENTIFIER = "blackfrout.crinando-telas-de-navegac-a-o";
				PRODUCT_NAME = "$(TARGET_NAME)";
				SWIFT_EMIT_LOC_STRINGS = YES;
				SWIFT_VERSION = 5.0;
				TARGETED_DEVICE_FAMILY = "1,2";
			};
			name = Release;
		};
		844DA4E029DDFB3100C7BB25 /* Debug */ = {
			isa = XCBuildConfiguration;
			buildSettings = {
				ALWAYS_EMBED_SWIFT_STANDARD_LIBRARIES = YES;
				BUNDLE_LOADER = "$(TEST_HOST)";
				CODE_SIGN_STYLE = Automatic;
				CURRENT_PROJECT_VERSION = 1;
				GENERATE_INFOPLIST_FILE = YES;
				IPHONEOS_DEPLOYMENT_TARGET = 16.2;
				MARKETING_VERSION = 1.0;
				PRODUCT_BUNDLE_IDENTIFIER = "blackfrout.crinando-telas-de-navegac-a-oTests";
				PRODUCT_NAME = "$(TARGET_NAME)";
				SWIFT_EMIT_LOC_STRINGS = NO;
				SWIFT_VERSION = 5.0;
				TARGETED_DEVICE_FAMILY = "1,2";
				TEST_HOST = "$(BUILT_PRODUCTS_DIR)/crinando telas de navegação.app/$(BUNDLE_EXECUTABLE_FOLDER_PATH)/crinando telas de navegação";
			};
			name = Debug;
		};
		844DA4E129DDFB3100C7BB25 /* Release */ = {
			isa = XCBuildConfiguration;
			buildSettings = {
				ALWAYS_EMBED_SWIFT_STANDARD_LIBRARIES = YES;
				BUNDLE_LOADER = "$(TEST_HOST)";
				CODE_SIGN_STYLE = Automatic;
				CURRENT_PROJECT_VERSION = 1;
				GENERATE_INFOPLIST_FILE = YES;
				IPHONEOS_DEPLOYMENT_TARGET = 16.2;
				MARKETING_VERSION = 1.0;
				PRODUCT_BUNDLE_IDENTIFIER = "blackfrout.crinando-telas-de-navegac-a-oTests";
				PRODUCT_NAME = "$(TARGET_NAME)";
				SWIFT_EMIT_LOC_STRINGS = NO;
				SWIFT_VERSION = 5.0;
				TARGETED_DEVICE_FAMILY = "1,2";
				TEST_HOST = "$(BUILT_PRODUCTS_DIR)/crinando telas de navegação.app/$(BUNDLE_EXECUTABLE_FOLDER_PATH)/crinando telas de navegação";
			};
			name = Release;
		};
		844DA4E329DDFB3100C7BB25 /* Debug */ = {
			isa = XCBuildConfiguration;
			buildSettings = {
				ALWAYS_EMBED_SWIFT_STANDARD_LIBRARIES = YES;
				CODE_SIGN_STYLE = Automatic;
				CURRENT_PROJECT_VERSION = 1;
				GENERATE_INFOPLIST_FILE = YES;
				MARKETING_VERSION = 1.0;
				PRODUCT_BUNDLE_IDENTIFIER = "blackfrout.crinando-telas-de-navegac-a-oUITests";
				PRODUCT_NAME = "$(TARGET_NAME)";
				SWIFT_EMIT_LOC_STRINGS = NO;
				SWIFT_VERSION = 5.0;
				TARGETED_DEVICE_FAMILY = "1,2";
				TEST_TARGET_NAME = "crinando telas de navegação";
			};
			name = Debug;
		};
		844DA4E429DDFB3100C7BB25 /* Release */ = {
			isa = XCBuildConfiguration;
			buildSettings = {
				ALWAYS_EMBED_SWIFT_STANDARD_LIBRARIES = YES;
				CODE_SIGN_STYLE = Automatic;
				CURRENT_PROJECT_VERSION = 1;
				GENERATE_INFOPLIST_FILE = YES;
				MARKETING_VERSION = 1.0;
				PRODUCT_BUNDLE_IDENTIFIER = "blackfrout.crinando-telas-de-navegac-a-oUITests";
				PRODUCT_NAME = "$(TARGET_NAME)";
				SWIFT_EMIT_LOC_STRINGS = NO;
				SWIFT_VERSION = 5.0;
				TARGETED_DEVICE_FAMILY = "1,2";
				TEST_TARGET_NAME = "crinando telas de navegação";
			};
			name = Release;
		};
/* End XCBuildConfiguration section */

/* Begin XCConfigurationList section */
		844DA4AD29DDFB3000C7BB25 /* Build configuration list for PBXProject "crinando telas de navegação" */ = {
			isa = XCConfigurationList;
			buildConfigurations = (
				844DA4DA29DDFB3100C7BB25 /* Debug */,
				844DA4DB29DDFB3100C7BB25 /* Release */,
			);
			defaultConfigurationIsVisible = 0;
			defaultConfigurationName = Release;
		};
		844DA4DC29DDFB3100C7BB25 /* Build configuration list for PBXNativeTarget "crinando telas de navegação" */ = {
			isa = XCConfigurationList;
			buildConfigurations = (
				844DA4DD29DDFB3100C7BB25 /* Debug */,
				844DA4DE29DDFB3100C7BB25 /* Release */,
			);
			defaultConfigurationIsVisible = 0;
			defaultConfigurationName = Release;
		};
		844DA4DF29DDFB3100C7BB25 /* Build configuration list for PBXNativeTarget "crinando telas de navegaçãoTests" */ = {
			isa = XCConfigurationList;
			buildConfigurations = (
				844DA4E029DDFB3100C7BB25 /* Debug */,
				844DA4E129DDFB3100C7BB25 /* Release */,
			);
			defaultConfigurationIsVisible = 0;
			defaultConfigurationName = Release;
		};
		844DA4E229DDFB3100C7BB25 /* Build configuration list for PBXNativeTarget "crinando telas de navegaçãoUITests" */ = {
			isa = XCConfigurationList;
			buildConfigurations = (
				844DA4E329DDFB3100C7BB25 /* Debug */,
				844DA4E429DDFB3100C7BB25 /* Release */,
			);
			defaultConfigurationIsVisible = 0;
			defaultConfigurationName = Release;
		};
/* End XCConfigurationList section */
	};
	rootObject = 844DA4AA29DDFB3000C7BB25 /* Project object */;
}
