// !$*UTF8*$!
{
	archiveVersion = 1;
	classes = {
	};
	objectVersion = 56;
	objects = {

/* Begin PBXBuildFile section */
		84F94EF429DB6C9A00A81AF5 /* AppDelegate.swift in Sources */ = {isa = PBXBuildFile; fileRef = 84F94EF329DB6C9A00A81AF5 /* AppDelegate.swift */; };
		84F94EF629DB6C9A00A81AF5 /* SceneDelegate.swift in Sources */ = {isa = PBXBuildFile; fileRef = 84F94EF529DB6C9A00A81AF5 /* SceneDelegate.swift */; };
		84F94EF829DB6C9A00A81AF5 /* ViewController.swift in Sources */ = {isa = PBXBuildFile; fileRef = 84F94EF729DB6C9A00A81AF5 /* ViewController.swift */; };
		84F94EFB29DB6C9A00A81AF5 /* Main.storyboard in Resources */ = {isa = PBXBuildFile; fileRef = 84F94EF929DB6C9A00A81AF5 /* Main.storyboard */; };
		84F94EFD29DB6C9B00A81AF5 /* Assets.xcassets in Resources */ = {isa = PBXBuildFile; fileRef = 84F94EFC29DB6C9B00A81AF5 /* Assets.xcassets */; };
		84F94F0029DB6C9B00A81AF5 /* LaunchScreen.storyboard in Resources */ = {isa = PBXBuildFile; fileRef = 84F94EFE29DB6C9B00A81AF5 /* LaunchScreen.storyboard */; };
		84F94F0B29DB6C9C00A81AF5 /* ligacoesTelasNovasTests.swift in Sources */ = {isa = PBXBuildFile; fileRef = 84F94F0A29DB6C9C00A81AF5 /* ligacoesTelasNovasTests.swift */; };
		84F94F1529DB6C9C00A81AF5 /* ligacoesTelasNovasUITests.swift in Sources */ = {isa = PBXBuildFile; fileRef = 84F94F1429DB6C9C00A81AF5 /* ligacoesTelasNovasUITests.swift */; };
		84F94F1729DB6C9C00A81AF5 /* ligacoesTelasNovasUITestsLaunchTests.swift in Sources */ = {isa = PBXBuildFile; fileRef = 84F94F1629DB6C9C00A81AF5 /* ligacoesTelasNovasUITestsLaunchTests.swift */; };
/* End PBXBuildFile section */

/* Begin PBXContainerItemProxy section */
		84F94F0729DB6C9C00A81AF5 /* PBXContainerItemProxy */ = {
			isa = PBXContainerItemProxy;
			containerPortal = 84F94EE829DB6C9A00A81AF5 /* Project object */;
			proxyType = 1;
			remoteGlobalIDString = 84F94EEF29DB6C9A00A81AF5;
			remoteInfo = ligacoesTelasNovas;
		};
		84F94F1129DB6C9C00A81AF5 /* PBXContainerItemProxy */ = {
			isa = PBXContainerItemProxy;
			containerPortal = 84F94EE829DB6C9A00A81AF5 /* Project object */;
			proxyType = 1;
			remoteGlobalIDString = 84F94EEF29DB6C9A00A81AF5;
			remoteInfo = ligacoesTelasNovas;
		};
/* End PBXContainerItemProxy section */

/* Begin PBXFileReference section */
		84F94EF029DB6C9A00A81AF5 /* ligacoesTelasNovas.app */ = {isa = PBXFileReference; explicitFileType = wrapper.application; includeInIndex = 0; path = ligacoesTelasNovas.app; sourceTree = BUILT_PRODUCTS_DIR; };
		84F94EF329DB6C9A00A81AF5 /* AppDelegate.swift */ = {isa = PBXFileReference; lastKnownFileType = sourcecode.swift; path = AppDelegate.swift; sourceTree = "<group>"; };
		84F94EF529DB6C9A00A81AF5 /* SceneDelegate.swift */ = {isa = PBXFileReference; lastKnownFileType = sourcecode.swift; path = SceneDelegate.swift; sourceTree = "<group>"; };
		84F94EF729DB6C9A00A81AF5 /* ViewController.swift */ = {isa = PBXFileReference; lastKnownFileType = sourcecode.swift; path = ViewController.swift; sourceTree = "<group>"; };
		84F94EFA29DB6C9A00A81AF5 /* Base */ = {isa = PBXFileReference; lastKnownFileType = file.storyboard; name = Base; path = Base.lproj/Main.storyboard; sourceTree = "<group>"; };
		84F94EFC29DB6C9B00A81AF5 /* Assets.xcassets */ = {isa = PBXFileReference; lastKnownFileType = folder.assetcatalog; path = Assets.xcassets; sourceTree = "<group>"; };
		84F94EFF29DB6C9B00A81AF5 /* Base */ = {isa = PBXFileReference; lastKnownFileType = file.storyboard; name = Base; path = Base.lproj/LaunchScreen.storyboard; sourceTree = "<group>"; };
		84F94F0129DB6C9B00A81AF5 /* Info.plist */ = {isa = PBXFileReference; lastKnownFileType = text.plist.xml; path = Info.plist; sourceTree = "<group>"; };
		84F94F0629DB6C9C00A81AF5 /* ligacoesTelasNovasTests.xctest */ = {isa = PBXFileReference; explicitFileType = wrapper.cfbundle; includeInIndex = 0; path = ligacoesTelasNovasTests.xctest; sourceTree = BUILT_PRODUCTS_DIR; };
		84F94F0A29DB6C9C00A81AF5 /* ligacoesTelasNovasTests.swift */ = {isa = PBXFileReference; lastKnownFileType = sourcecode.swift; path = ligacoesTelasNovasTests.swift; sourceTree = "<group>"; };
		84F94F1029DB6C9C00A81AF5 /* ligacoesTelasNovasUITests.xctest */ = {isa = PBXFileReference; explicitFileType = wrapper.cfbundle; includeInIndex = 0; path = ligacoesTelasNovasUITests.xctest; sourceTree = BUILT_PRODUCTS_DIR; };
		84F94F1429DB6C9C00A81AF5 /* ligacoesTelasNovasUITests.swift */ = {isa = PBXFileReference; lastKnownFileType = sourcecode.swift; path = ligacoesTelasNovasUITests.swift; sourceTree = "<group>"; };
		84F94F1629DB6C9C00A81AF5 /* ligacoesTelasNovasUITestsLaunchTests.swift */ = {isa = PBXFileReference; lastKnownFileType = sourcecode.swift; path = ligacoesTelasNovasUITestsLaunchTests.swift; sourceTree = "<group>"; };
/* End PBXFileReference section */

/* Begin PBXFrameworksBuildPhase section */
		84F94EED29DB6C9A00A81AF5 /* Frameworks */ = {
			isa = PBXFrameworksBuildPhase;
			buildActionMask = 2147483647;
			files = (
			);
			runOnlyForDeploymentPostprocessing = 0;
		};
		84F94F0329DB6C9C00A81AF5 /* Frameworks */ = {
			isa = PBXFrameworksBuildPhase;
			buildActionMask = 2147483647;
			files = (
			);
			runOnlyForDeploymentPostprocessing = 0;
		};
		84F94F0D29DB6C9C00A81AF5 /* Frameworks */ = {
			isa = PBXFrameworksBuildPhase;
			buildActionMask = 2147483647;
			files = (
			);
			runOnlyForDeploymentPostprocessing = 0;
		};
/* End PBXFrameworksBuildPhase section */

/* Begin PBXGroup section */
		84F94EE729DB6C9A00A81AF5 = {
			isa = PBXGroup;
			children = (
				84F94EF229DB6C9A00A81AF5 /* ligacoesTelasNovas */,
				84F94F0929DB6C9C00A81AF5 /* ligacoesTelasNovasTests */,
				84F94F1329DB6C9C00A81AF5 /* ligacoesTelasNovasUITests */,
				84F94EF129DB6C9A00A81AF5 /* Products */,
			);
			sourceTree = "<group>";
		};
		84F94EF129DB6C9A00A81AF5 /* Products */ = {
			isa = PBXGroup;
			children = (
				84F94EF029DB6C9A00A81AF5 /* ligacoesTelasNovas.app */,
				84F94F0629DB6C9C00A81AF5 /* ligacoesTelasNovasTests.xctest */,
				84F94F1029DB6C9C00A81AF5 /* ligacoesTelasNovasUITests.xctest */,
			);
			name = Products;
			sourceTree = "<group>";
		};
		84F94EF229DB6C9A00A81AF5 /* ligacoesTelasNovas */ = {
			isa = PBXGroup;
			children = (
				84F94EF329DB6C9A00A81AF5 /* AppDelegate.swift */,
				84F94EF529DB6C9A00A81AF5 /* SceneDelegate.swift */,
				84F94EF729DB6C9A00A81AF5 /* ViewController.swift */,
				84F94EF929DB6C9A00A81AF5 /* Main.storyboard */,
				84F94EFC29DB6C9B00A81AF5 /* Assets.xcassets */,
				84F94EFE29DB6C9B00A81AF5 /* LaunchScreen.storyboard */,
				84F94F0129DB6C9B00A81AF5 /* Info.plist */,
			);
			path = ligacoesTelasNovas;
			sourceTree = "<group>";
		};
		84F94F0929DB6C9C00A81AF5 /* ligacoesTelasNovasTests */ = {
			isa = PBXGroup;
			children = (
				84F94F0A29DB6C9C00A81AF5 /* ligacoesTelasNovasTests.swift */,
			);
			path = ligacoesTelasNovasTests;
			sourceTree = "<group>";
		};
		84F94F1329DB6C9C00A81AF5 /* ligacoesTelasNovasUITests */ = {
			isa = PBXGroup;
			children = (
				84F94F1429DB6C9C00A81AF5 /* ligacoesTelasNovasUITests.swift */,
				84F94F1629DB6C9C00A81AF5 /* ligacoesTelasNovasUITestsLaunchTests.swift */,
			);
			path = ligacoesTelasNovasUITests;
			sourceTree = "<group>";
		};
/* End PBXGroup section */

/* Begin PBXNativeTarget section */
		84F94EEF29DB6C9A00A81AF5 /* ligacoesTelasNovas */ = {
			isa = PBXNativeTarget;
			buildConfigurationList = 84F94F1A29DB6C9C00A81AF5 /* Build configuration list for PBXNativeTarget "ligacoesTelasNovas" */;
			buildPhases = (
				84F94EEC29DB6C9A00A81AF5 /* Sources */,
				84F94EED29DB6C9A00A81AF5 /* Frameworks */,
				84F94EEE29DB6C9A00A81AF5 /* Resources */,
			);
			buildRules = (
			);
			dependencies = (
			);
			name = ligacoesTelasNovas;
			productName = ligacoesTelasNovas;
			productReference = 84F94EF029DB6C9A00A81AF5 /* ligacoesTelasNovas.app */;
			productType = "com.apple.product-type.application";
		};
		84F94F0529DB6C9C00A81AF5 /* ligacoesTelasNovasTests */ = {
			isa = PBXNativeTarget;
			buildConfigurationList = 84F94F1D29DB6C9C00A81AF5 /* Build configuration list for PBXNativeTarget "ligacoesTelasNovasTests" */;
			buildPhases = (
				84F94F0229DB6C9C00A81AF5 /* Sources */,
				84F94F0329DB6C9C00A81AF5 /* Frameworks */,
				84F94F0429DB6C9C00A81AF5 /* Resources */,
			);
			buildRules = (
			);
			dependencies = (
				84F94F0829DB6C9C00A81AF5 /* PBXTargetDependency */,
			);
			name = ligacoesTelasNovasTests;
			productName = ligacoesTelasNovasTests;
			productReference = 84F94F0629DB6C9C00A81AF5 /* ligacoesTelasNovasTests.xctest */;
			productType = "com.apple.product-type.bundle.unit-test";
		};
		84F94F0F29DB6C9C00A81AF5 /* ligacoesTelasNovasUITests */ = {
			isa = PBXNativeTarget;
			buildConfigurationList = 84F94F2029DB6C9C00A81AF5 /* Build configuration list for PBXNativeTarget "ligacoesTelasNovasUITests" */;
			buildPhases = (
				84F94F0C29DB6C9C00A81AF5 /* Sources */,
				84F94F0D29DB6C9C00A81AF5 /* Frameworks */,
				84F94F0E29DB6C9C00A81AF5 /* Resources */,
			);
			buildRules = (
			);
			dependencies = (
				84F94F1229DB6C9C00A81AF5 /* PBXTargetDependency */,
			);
			name = ligacoesTelasNovasUITests;
			productName = ligacoesTelasNovasUITests;
			productReference = 84F94F1029DB6C9C00A81AF5 /* ligacoesTelasNovasUITests.xctest */;
			productType = "com.apple.product-type.bundle.ui-testing";
		};
/* End PBXNativeTarget section */

/* Begin PBXProject section */
		84F94EE829DB6C9A00A81AF5 /* Project object */ = {
			isa = PBXProject;
			attributes = {
				BuildIndependentTargetsInParallel = 1;
				LastSwiftUpdateCheck = 1420;
				LastUpgradeCheck = 1420;
				TargetAttributes = {
					84F94EEF29DB6C9A00A81AF5 = {
						CreatedOnToolsVersion = 14.2;
					};
					84F94F0529DB6C9C00A81AF5 = {
						CreatedOnToolsVersion = 14.2;
						TestTargetID = 84F94EEF29DB6C9A00A81AF5;
					};
					84F94F0F29DB6C9C00A81AF5 = {
						CreatedOnToolsVersion = 14.2;
						TestTargetID = 84F94EEF29DB6C9A00A81AF5;
					};
				};
			};
			buildConfigurationList = 84F94EEB29DB6C9A00A81AF5 /* Build configuration list for PBXProject "ligacoesTelasNovas" */;
			compatibilityVersion = "Xcode 14.0";
			developmentRegion = en;
			hasScannedForEncodings = 0;
			knownRegions = (
				en,
				Base,
			);
			mainGroup = 84F94EE729DB6C9A00A81AF5;
			productRefGroup = 84F94EF129DB6C9A00A81AF5 /* Products */;
			projectDirPath = "";
			projectRoot = "";
			targets = (
				84F94EEF29DB6C9A00A81AF5 /* ligacoesTelasNovas */,
				84F94F0529DB6C9C00A81AF5 /* ligacoesTelasNovasTests */,
				84F94F0F29DB6C9C00A81AF5 /* ligacoesTelasNovasUITests */,
			);
		};
/* End PBXProject section */

/* Begin PBXResourcesBuildPhase section */
		84F94EEE29DB6C9A00A81AF5 /* Resources */ = {
			isa = PBXResourcesBuildPhase;
			buildActionMask = 2147483647;
			files = (
				84F94F0029DB6C9B00A81AF5 /* LaunchScreen.storyboard in Resources */,
				84F94EFD29DB6C9B00A81AF5 /* Assets.xcassets in Resources */,
				84F94EFB29DB6C9A00A81AF5 /* Main.storyboard in Resources */,
			);
			runOnlyForDeploymentPostprocessing = 0;
		};
		84F94F0429DB6C9C00A81AF5 /* Resources */ = {
			isa = PBXResourcesBuildPhase;
			buildActionMask = 2147483647;
			files = (
			);
			runOnlyForDeploymentPostprocessing = 0;
		};
		84F94F0E29DB6C9C00A81AF5 /* Resources */ = {
			isa = PBXResourcesBuildPhase;
			buildActionMask = 2147483647;
			files = (
			);
			runOnlyForDeploymentPostprocessing = 0;
		};
/* End PBXResourcesBuildPhase section */

/* Begin PBXSourcesBuildPhase section */
		84F94EEC29DB6C9A00A81AF5 /* Sources */ = {
			isa = PBXSourcesBuildPhase;
			buildActionMask = 2147483647;
			files = (
				84F94EF829DB6C9A00A81AF5 /* ViewController.swift in Sources */,
				84F94EF429DB6C9A00A81AF5 /* AppDelegate.swift in Sources */,
				84F94EF629DB6C9A00A81AF5 /* SceneDelegate.swift in Sources */,
			);
			runOnlyForDeploymentPostprocessing = 0;
		};
		84F94F0229DB6C9C00A81AF5 /* Sources */ = {
			isa = PBXSourcesBuildPhase;
			buildActionMask = 2147483647;
			files = (
				84F94F0B29DB6C9C00A81AF5 /* ligacoesTelasNovasTests.swift in Sources */,
			);
			runOnlyForDeploymentPostprocessing = 0;
		};
		84F94F0C29DB6C9C00A81AF5 /* Sources */ = {
			isa = PBXSourcesBuildPhase;
			buildActionMask = 2147483647;
			files = (
				84F94F1529DB6C9C00A81AF5 /* ligacoesTelasNovasUITests.swift in Sources */,
				84F94F1729DB6C9C00A81AF5 /* ligacoesTelasNovasUITestsLaunchTests.swift in Sources */,
			);
			runOnlyForDeploymentPostprocessing = 0;
		};
/* End PBXSourcesBuildPhase section */

/* Begin PBXTargetDependency section */
		84F94F0829DB6C9C00A81AF5 /* PBXTargetDependency */ = {
			isa = PBXTargetDependency;
			target = 84F94EEF29DB6C9A00A81AF5 /* ligacoesTelasNovas */;
			targetProxy = 84F94F0729DB6C9C00A81AF5 /* PBXContainerItemProxy */;
		};
		84F94F1229DB6C9C00A81AF5 /* PBXTargetDependency */ = {
			isa = PBXTargetDependency;
			target = 84F94EEF29DB6C9A00A81AF5 /* ligacoesTelasNovas */;
			targetProxy = 84F94F1129DB6C9C00A81AF5 /* PBXContainerItemProxy */;
		};
/* End PBXTargetDependency section */

/* Begin PBXVariantGroup section */
		84F94EF929DB6C9A00A81AF5 /* Main.storyboard */ = {
			isa = PBXVariantGroup;
			children = (
				84F94EFA29DB6C9A00A81AF5 /* Base */,
			);
			name = Main.storyboard;
			sourceTree = "<group>";
		};
		84F94EFE29DB6C9B00A81AF5 /* LaunchScreen.storyboard */ = {
			isa = PBXVariantGroup;
			children = (
				84F94EFF29DB6C9B00A81AF5 /* Base */,
			);
			name = LaunchScreen.storyboard;
			sourceTree = "<group>";
		};
/* End PBXVariantGroup section */

/* Begin XCBuildConfiguration section */
		84F94F1829DB6C9C00A81AF5 /* Debug */ = {
			isa = XCBuildConfiguration;
			buildSettings = {
				ALWAYS_SEARCH_USER_PATHS = NO;
				CLANG_ANALYZER_NONNULL = YES;
				CLANG_ANALYZER_NUMBER_OBJECT_CONVERSION = YES_AGGRESSIVE;
				CLANG_CXX_LANGUAGE_STANDARD = "gnu++20";
				CLANG_ENABLE_MODULES = YES;
				CLANG_ENABLE_OBJC_ARC = YES;
				CLANG_ENABLE_OBJC_WEAK = YES;
				CLANG_WARN_BLOCK_CAPTURE_AUTORELEASING = YES;
				CLANG_WARN_BOOL_CONVERSION = YES;
				CLANG_WARN_COMMA = YES;
				CLANG_WARN_CONSTANT_CONVERSION = YES;
				CLANG_WARN_DEPRECATED_OBJC_IMPLEMENTATIONS = YES;
				CLANG_WARN_DIRECT_OBJC_ISA_USAGE = YES_ERROR;
				CLANG_WARN_DOCUMENTATION_COMMENTS = YES;
				CLANG_WARN_EMPTY_BODY = YES;
				CLANG_WARN_ENUM_CONVERSION = YES;
				CLANG_WARN_INFINITE_RECURSION = YES;
				CLANG_WARN_INT_CONVERSION = YES;
				CLANG_WARN_NON_LITERAL_NULL_CONVERSION = YES;
				CLANG_WARN_OBJC_IMPLICIT_RETAIN_SELF = YES;
				CLANG_WARN_OBJC_LITERAL_CONVERSION = YES;
				CLANG_WARN_OBJC_ROOT_CLASS = YES_ERROR;
				CLANG_WARN_QUOTED_INCLUDE_IN_FRAMEWORK_HEADER = YES;
				CLANG_WARN_RANGE_LOOP_ANALYSIS = YES;
				CLANG_WARN_STRICT_PROTOTYPES = YES;
				CLANG_WARN_SUSPICIOUS_MOVE = YES;
				CLANG_WARN_UNGUARDED_AVAILABILITY = YES_AGGRESSIVE;
				CLANG_WARN_UNREACHABLE_CODE = YES;
				CLANG_WARN__DUPLICATE_METHOD_MATCH = YES;
				COPY_PHASE_STRIP = NO;
				DEBUG_INFORMATION_FORMAT = dwarf;
				ENABLE_STRICT_OBJC_MSGSEND = YES;
				ENABLE_TESTABILITY = YES;
				GCC_C_LANGUAGE_STANDARD = gnu11;
				GCC_DYNAMIC_NO_PIC = NO;
				GCC_NO_COMMON_BLOCKS = YES;
				GCC_OPTIMIZATION_LEVEL = 0;
				GCC_PREPROCESSOR_DEFINITIONS = (
					"DEBUG=1",
					"$(inherited)",
				);
				GCC_WARN_64_TO_32_BIT_CONVERSION = YES;
				GCC_WARN_ABOUT_RETURN_TYPE = YES_ERROR;
				GCC_WARN_UNDECLARED_SELECTOR = YES;
				GCC_WARN_UNINITIALIZED_AUTOS = YES_AGGRESSIVE;
				GCC_WARN_UNUSED_FUNCTION = YES;
				GCC_WARN_UNUSED_VARIABLE = YES;
				IPHONEOS_DEPLOYMENT_TARGET = 16.2;
				MTL_ENABLE_DEBUG_INFO = INCLUDE_SOURCE;
				MTL_FAST_MATH = YES;
				ONLY_ACTIVE_ARCH = YES;
				SDKROOT = iphoneos;
				SWIFT_ACTIVE_COMPILATION_CONDITIONS = DEBUG;
				SWIFT_OPTIMIZATION_LEVEL = "-Onone";
			};
			name = Debug;
		};
		84F94F1929DB6C9C00A81AF5 /* Release */ = {
			isa = XCBuildConfiguration;
			buildSettings = {
				ALWAYS_SEARCH_USER_PATHS = NO;
				CLANG_ANALYZER_NONNULL = YES;
				CLANG_ANALYZER_NUMBER_OBJECT_CONVERSION = YES_AGGRESSIVE;
				CLANG_CXX_LANGUAGE_STANDARD = "gnu++20";
				CLANG_ENABLE_MODULES = YES;
				CLANG_ENABLE_OBJC_ARC = YES;
				CLANG_ENABLE_OBJC_WEAK = YES;
				CLANG_WARN_BLOCK_CAPTURE_AUTORELEASING = YES;
				CLANG_WARN_BOOL_CONVERSION = YES;
				CLANG_WARN_COMMA = YES;
				CLANG_WARN_CONSTANT_CONVERSION = YES;
				CLANG_WARN_DEPRECATED_OBJC_IMPLEMENTATIONS = YES;
				CLANG_WARN_DIRECT_OBJC_ISA_USAGE = YES_ERROR;
				CLANG_WARN_DOCUMENTATION_COMMENTS = YES;
				CLANG_WARN_EMPTY_BODY = YES;
				CLANG_WARN_ENUM_CONVERSION = YES;
				CLANG_WARN_INFINITE_RECURSION = YES;
				CLANG_WARN_INT_CONVERSION = YES;
				CLANG_WARN_NON_LITERAL_NULL_CONVERSION = YES;
				CLANG_WARN_OBJC_IMPLICIT_RETAIN_SELF = YES;
				CLANG_WARN_OBJC_LITERAL_CONVERSION = YES;
				CLANG_WARN_OBJC_ROOT_CLASS = YES_ERROR;
				CLANG_WARN_QUOTED_INCLUDE_IN_FRAMEWORK_HEADER = YES;
				CLANG_WARN_RANGE_LOOP_ANALYSIS = YES;
				CLANG_WARN_STRICT_PROTOTYPES = YES;
				CLANG_WARN_SUSPICIOUS_MOVE = YES;
				CLANG_WARN_UNGUARDED_AVAILABILITY = YES_AGGRESSIVE;
				CLANG_WARN_UNREACHABLE_CODE = YES;
				CLANG_WARN__DUPLICATE_METHOD_MATCH = YES;
				COPY_PHASE_STRIP = NO;
				DEBUG_INFORMATION_FORMAT = "dwarf-with-dsym";
				ENABLE_NS_ASSERTIONS = NO;
				ENABLE_STRICT_OBJC_MSGSEND = YES;
				GCC_C_LANGUAGE_STANDARD = gnu11;
				GCC_NO_COMMON_BLOCKS = YES;
				GCC_WARN_64_TO_32_BIT_CONVERSION = YES;
				GCC_WARN_ABOUT_RETURN_TYPE = YES_ERROR;
				GCC_WARN_UNDECLARED_SELECTOR = YES;
				GCC_WARN_UNINITIALIZED_AUTOS = YES_AGGRESSIVE;
				GCC_WARN_UNUSED_FUNCTION = YES;
				GCC_WARN_UNUSED_VARIABLE = YES;
				IPHONEOS_DEPLOYMENT_TARGET = 16.2;
				MTL_ENABLE_DEBUG_INFO = NO;
				MTL_FAST_MATH = YES;
				SDKROOT = iphoneos;
				SWIFT_COMPILATION_MODE = wholemodule;
				SWIFT_OPTIMIZATION_LEVEL = "-O";
				VALIDATE_PRODUCT = YES;
			};
			name = Release;
		};
		84F94F1B29DB6C9C00A81AF5 /* Debug */ = {
			isa = XCBuildConfiguration;
			buildSettings = {
				ASSETCATALOG_COMPILER_APPICON_NAME = AppIcon;
				ASSETCATALOG_COMPILER_GLOBAL_ACCENT_COLOR_NAME = AccentColor;
				CODE_SIGN_STYLE = Automatic;
				CURRENT_PROJECT_VERSION = 1;
				GENERATE_INFOPLIST_FILE = YES;
				INFOPLIST_FILE = ligacoesTelasNovas/Info.plist;
				INFOPLIST_KEY_UIApplicationSupportsIndirectInputEvents = YES;
				INFOPLIST_KEY_UILaunchStoryboardName = LaunchScreen;
				INFOPLIST_KEY_UIMainStoryboardFile = Main;
				INFOPLIST_KEY_UISupportedInterfaceOrientations_iPad = "UIInterfaceOrientationPortrait UIInterfaceOrientationPortraitUpsideDown UIInterfaceOrientationLandscapeLeft UIInterfaceOrientationLandscapeRight";
				INFOPLIST_KEY_UISupportedInterfaceOrientations_iPhone = "UIInterfaceOrientationPortrait UIInterfaceOrientationLandscapeLeft UIInterfaceOrientationLandscapeRight";
				LD_RUNPATH_SEARCH_PATHS = (
					"$(inherited)",
					"@executable_path/Frameworks",
				);
				MARKETING_VERSION = 1.0;
				PRODUCT_BUNDLE_IDENTIFIER = blackfrout.ligacoesTelasNovas;
				PRODUCT_NAME = "$(TARGET_NAME)";
				SWIFT_EMIT_LOC_STRINGS = YES;
				SWIFT_VERSION = 5.0;
				TARGETED_DEVICE_FAMILY = "1,2";
			};
			name = Debug;
		};
		84F94F1C29DB6C9C00A81AF5 /* Release */ = {
			isa = XCBuildConfiguration;
			buildSettings = {
				ASSETCATALOG_COMPILER_APPICON_NAME = AppIcon;
				ASSETCATALOG_COMPILER_GLOBAL_ACCENT_COLOR_NAME = AccentColor;
				CODE_SIGN_STYLE = Automatic;
				CURRENT_PROJECT_VERSION = 1;
				GENERATE_INFOPLIST_FILE = YES;
				INFOPLIST_FILE = ligacoesTelasNovas/Info.plist;
				INFOPLIST_KEY_UIApplicationSupportsIndirectInputEvents = YES;
				INFOPLIST_KEY_UILaunchStoryboardName = LaunchScreen;
				INFOPLIST_KEY_UIMainStoryboardFile = Main;
				INFOPLIST_KEY_UISupportedInterfaceOrientations_iPad = "UIInterfaceOrientationPortrait UIInterfaceOrientationPortraitUpsideDown UIInterfaceOrientationLandscapeLeft UIInterfaceOrientationLandscapeRight";
				INFOPLIST_KEY_UISupportedInterfaceOrientations_iPhone = "UIInterfaceOrientationPortrait UIInterfaceOrientationLandscapeLeft UIInterfaceOrientationLandscapeRight";
				LD_RUNPATH_SEARCH_PATHS = (
					"$(inherited)",
					"@executable_path/Frameworks",
				);
				MARKETING_VERSION = 1.0;
				PRODUCT_BUNDLE_IDENTIFIER = blackfrout.ligacoesTelasNovas;
				PRODUCT_NAME = "$(TARGET_NAME)";
				SWIFT_EMIT_LOC_STRINGS = YES;
				SWIFT_VERSION = 5.0;
				TARGETED_DEVICE_FAMILY = "1,2";
			};
			name = Release;
		};
		84F94F1E29DB6C9C00A81AF5 /* Debug */ = {
			isa = XCBuildConfiguration;
			buildSettings = {
				ALWAYS_EMBED_SWIFT_STANDARD_LIBRARIES = YES;
				BUNDLE_LOADER = "$(TEST_HOST)";
				CODE_SIGN_STYLE = Automatic;
				CURRENT_PROJECT_VERSION = 1;
				GENERATE_INFOPLIST_FILE = YES;
				IPHONEOS_DEPLOYMENT_TARGET = 16.2;
				MARKETING_VERSION = 1.0;
				PRODUCT_BUNDLE_IDENTIFIER = blackfrout.ligacoesTelasNovasTests;
				PRODUCT_NAME = "$(TARGET_NAME)";
				SWIFT_EMIT_LOC_STRINGS = NO;
				SWIFT_VERSION = 5.0;
				TARGETED_DEVICE_FAMILY = "1,2";
				TEST_HOST = "$(BUILT_PRODUCTS_DIR)/ligacoesTelasNovas.app/$(BUNDLE_EXECUTABLE_FOLDER_PATH)/ligacoesTelasNovas";
			};
			name = Debug;
		};
		84F94F1F29DB6C9C00A81AF5 /* Release */ = {
			isa = XCBuildConfiguration;
			buildSettings = {
				ALWAYS_EMBED_SWIFT_STANDARD_LIBRARIES = YES;
				BUNDLE_LOADER = "$(TEST_HOST)";
				CODE_SIGN_STYLE = Automatic;
				CURRENT_PROJECT_VERSION = 1;
				GENERATE_INFOPLIST_FILE = YES;
				IPHONEOS_DEPLOYMENT_TARGET = 16.2;
				MARKETING_VERSION = 1.0;
				PRODUCT_BUNDLE_IDENTIFIER = blackfrout.ligacoesTelasNovasTests;
				PRODUCT_NAME = "$(TARGET_NAME)";
				SWIFT_EMIT_LOC_STRINGS = NO;
				SWIFT_VERSION = 5.0;
				TARGETED_DEVICE_FAMILY = "1,2";
				TEST_HOST = "$(BUILT_PRODUCTS_DIR)/ligacoesTelasNovas.app/$(BUNDLE_EXECUTABLE_FOLDER_PATH)/ligacoesTelasNovas";
			};
			name = Release;
		};
		84F94F2129DB6C9C00A81AF5 /* Debug */ = {
			isa = XCBuildConfiguration;
			buildSettings = {
				ALWAYS_EMBED_SWIFT_STANDARD_LIBRARIES = YES;
				CODE_SIGN_STYLE = Automatic;
				CURRENT_PROJECT_VERSION = 1;
				GENERATE_INFOPLIST_FILE = YES;
				MARKETING_VERSION = 1.0;
				PRODUCT_BUNDLE_IDENTIFIER = blackfrout.ligacoesTelasNovasUITests;
				PRODUCT_NAME = "$(TARGET_NAME)";
				SWIFT_EMIT_LOC_STRINGS = NO;
				SWIFT_VERSION = 5.0;
				TARGETED_DEVICE_FAMILY = "1,2";
				TEST_TARGET_NAME = ligacoesTelasNovas;
			};
			name = Debug;
		};
		84F94F2229DB6C9C00A81AF5 /* Release */ = {
			isa = XCBuildConfiguration;
			buildSettings = {
				ALWAYS_EMBED_SWIFT_STANDARD_LIBRARIES = YES;
				CODE_SIGN_STYLE = Automatic;
				CURRENT_PROJECT_VERSION = 1;
				GENERATE_INFOPLIST_FILE = YES;
				MARKETING_VERSION = 1.0;
				PRODUCT_BUNDLE_IDENTIFIER = blackfrout.ligacoesTelasNovasUITests;
				PRODUCT_NAME = "$(TARGET_NAME)";
				SWIFT_EMIT_LOC_STRINGS = NO;
				SWIFT_VERSION = 5.0;
				TARGETED_DEVICE_FAMILY = "1,2";
				TEST_TARGET_NAME = ligacoesTelasNovas;
			};
			name = Release;
		};
/* End XCBuildConfiguration section */

/* Begin XCConfigurationList section */
		84F94EEB29DB6C9A00A81AF5 /* Build configuration list for PBXProject "ligacoesTelasNovas" */ = {
			isa = XCConfigurationList;
			buildConfigurations = (
				84F94F1829DB6C9C00A81AF5 /* Debug */,
				84F94F1929DB6C9C00A81AF5 /* Release */,
			);
			defaultConfigurationIsVisible = 0;
			defaultConfigurationName = Release;
		};
		84F94F1A29DB6C9C00A81AF5 /* Build configuration list for PBXNativeTarget "ligacoesTelasNovas" */ = {
			isa = XCConfigurationList;
			buildConfigurations = (
				84F94F1B29DB6C9C00A81AF5 /* Debug */,
				84F94F1C29DB6C9C00A81AF5 /* Release */,
			);
			defaultConfigurationIsVisible = 0;
			defaultConfigurationName = Release;
		};
		84F94F1D29DB6C9C00A81AF5 /* Build configuration list for PBXNativeTarget "ligacoesTelasNovasTests" */ = {
			isa = XCConfigurationList;
			buildConfigurations = (
				84F94F1E29DB6C9C00A81AF5 /* Debug */,
				84F94F1F29DB6C9C00A81AF5 /* Release */,
			);
			defaultConfigurationIsVisible = 0;
			defaultConfigurationName = Release;
		};
		84F94F2029DB6C9C00A81AF5 /* Build configuration list for PBXNativeTarget "ligacoesTelasNovasUITests" */ = {
			isa = XCConfigurationList;
			buildConfigurations = (
				84F94F2129DB6C9C00A81AF5 /* Debug */,
				84F94F2229DB6C9C00A81AF5 /* Release */,
			);
			defaultConfigurationIsVisible = 0;
			defaultConfigurationName = Release;
		};
/* End XCConfigurationList section */
	};
	rootObject = 84F94EE829DB6C9A00A81AF5 /* Project object */;
}
