// !$*UTF8*$!
{
	archiveVersion = 1;
	classes = {
	};
	objectVersion = 56;
	objects = {

/* Begin PBXBuildFile section */
		846945EE29CDE28D00B4D9C1 /* AppDelegate.swift in Sources */ = {isa = PBXBuildFile; fileRef = 846945ED29CDE28D00B4D9C1 /* AppDelegate.swift */; };
		846945F029CDE28D00B4D9C1 /* SceneDelegate.swift in Sources */ = {isa = PBXBuildFile; fileRef = 846945EF29CDE28D00B4D9C1 /* SceneDelegate.swift */; };
		846945F229CDE28D00B4D9C1 /* ViewController.swift in Sources */ = {isa = PBXBuildFile; fileRef = 846945F129CDE28D00B4D9C1 /* ViewController.swift */; };
		846945F529CDE28D00B4D9C1 /* Main.storyboard in Resources */ = {isa = PBXBuildFile; fileRef = 846945F329CDE28D00B4D9C1 /* Main.storyboard */; };
		846945F729CDE28E00B4D9C1 /* Assets.xcassets in Resources */ = {isa = PBXBuildFile; fileRef = 846945F629CDE28E00B4D9C1 /* Assets.xcassets */; };
		846945FA29CDE28E00B4D9C1 /* LaunchScreen.storyboard in Resources */ = {isa = PBXBuildFile; fileRef = 846945F829CDE28E00B4D9C1 /* LaunchScreen.storyboard */; };
		8469460529CDE28F00B4D9C1 /* ligacoesTests.swift in Sources */ = {isa = PBXBuildFile; fileRef = 8469460429CDE28F00B4D9C1 /* ligacoesTests.swift */; };
		8469460F29CDE28F00B4D9C1 /* ligacoesUITests.swift in Sources */ = {isa = PBXBuildFile; fileRef = 8469460E29CDE28F00B4D9C1 /* ligacoesUITests.swift */; };
		8469461129CDE28F00B4D9C1 /* ligacoesUITestsLaunchTests.swift in Sources */ = {isa = PBXBuildFile; fileRef = 8469461029CDE28F00B4D9C1 /* ligacoesUITestsLaunchTests.swift */; };
/* End PBXBuildFile section */

/* Begin PBXContainerItemProxy section */
		8469460129CDE28F00B4D9C1 /* PBXContainerItemProxy */ = {
			isa = PBXContainerItemProxy;
			containerPortal = 846945E229CDE28D00B4D9C1 /* Project object */;
			proxyType = 1;
			remoteGlobalIDString = 846945E929CDE28D00B4D9C1;
			remoteInfo = ligacoes;
		};
		8469460B29CDE28F00B4D9C1 /* PBXContainerItemProxy */ = {
			isa = PBXContainerItemProxy;
			containerPortal = 846945E229CDE28D00B4D9C1 /* Project object */;
			proxyType = 1;
			remoteGlobalIDString = 846945E929CDE28D00B4D9C1;
			remoteInfo = ligacoes;
		};
/* End PBXContainerItemProxy section */

/* Begin PBXFileReference section */
		846945EA29CDE28D00B4D9C1 /* ligacoes.app */ = {isa = PBXFileReference; explicitFileType = wrapper.application; includeInIndex = 0; path = ligacoes.app; sourceTree = BUILT_PRODUCTS_DIR; };
		846945ED29CDE28D00B4D9C1 /* AppDelegate.swift */ = {isa = PBXFileReference; lastKnownFileType = sourcecode.swift; path = AppDelegate.swift; sourceTree = "<group>"; };
		846945EF29CDE28D00B4D9C1 /* SceneDelegate.swift */ = {isa = PBXFileReference; lastKnownFileType = sourcecode.swift; path = SceneDelegate.swift; sourceTree = "<group>"; };
		846945F129CDE28D00B4D9C1 /* ViewController.swift */ = {isa = PBXFileReference; lastKnownFileType = sourcecode.swift; path = ViewController.swift; sourceTree = "<group>"; };
		846945F429CDE28D00B4D9C1 /* Base */ = {isa = PBXFileReference; lastKnownFileType = file.storyboard; name = Base; path = Base.lproj/Main.storyboard; sourceTree = "<group>"; };
		846945F629CDE28E00B4D9C1 /* Assets.xcassets */ = {isa = PBXFileReference; lastKnownFileType = folder.assetcatalog; path = Assets.xcassets; sourceTree = "<group>"; };
		846945F929CDE28E00B4D9C1 /* Base */ = {isa = PBXFileReference; lastKnownFileType = file.storyboard; name = Base; path = Base.lproj/LaunchScreen.storyboard; sourceTree = "<group>"; };
		846945FB29CDE28E00B4D9C1 /* Info.plist */ = {isa = PBXFileReference; lastKnownFileType = text.plist.xml; path = Info.plist; sourceTree = "<group>"; };
		8469460029CDE28F00B4D9C1 /* ligacoesTests.xctest */ = {isa = PBXFileReference; explicitFileType = wrapper.cfbundle; includeInIndex = 0; path = ligacoesTests.xctest; sourceTree = BUILT_PRODUCTS_DIR; };
		8469460429CDE28F00B4D9C1 /* ligacoesTests.swift */ = {isa = PBXFileReference; lastKnownFileType = sourcecode.swift; path = ligacoesTests.swift; sourceTree = "<group>"; };
		8469460A29CDE28F00B4D9C1 /* ligacoesUITests.xctest */ = {isa = PBXFileReference; explicitFileType = wrapper.cfbundle; includeInIndex = 0; path = ligacoesUITests.xctest; sourceTree = BUILT_PRODUCTS_DIR; };
		8469460E29CDE28F00B4D9C1 /* ligacoesUITests.swift */ = {isa = PBXFileReference; lastKnownFileType = sourcecode.swift; path = ligacoesUITests.swift; sourceTree = "<group>"; };
		8469461029CDE28F00B4D9C1 /* ligacoesUITestsLaunchTests.swift */ = {isa = PBXFileReference; lastKnownFileType = sourcecode.swift; path = ligacoesUITestsLaunchTests.swift; sourceTree = "<group>"; };
/* End PBXFileReference section */

/* Begin PBXFrameworksBuildPhase section */
		846945E729CDE28D00B4D9C1 /* Frameworks */ = {
			isa = PBXFrameworksBuildPhase;
			buildActionMask = 2147483647;
			files = (
			);
			runOnlyForDeploymentPostprocessing = 0;
		};
		846945FD29CDE28F00B4D9C1 /* Frameworks */ = {
			isa = PBXFrameworksBuildPhase;
			buildActionMask = 2147483647;
			files = (
			);
			runOnlyForDeploymentPostprocessing = 0;
		};
		8469460729CDE28F00B4D9C1 /* Frameworks */ = {
			isa = PBXFrameworksBuildPhase;
			buildActionMask = 2147483647;
			files = (
			);
			runOnlyForDeploymentPostprocessing = 0;
		};
/* End PBXFrameworksBuildPhase section */

/* Begin PBXGroup section */
		846945E129CDE28D00B4D9C1 = {
			isa = PBXGroup;
			children = (
				846945EC29CDE28D00B4D9C1 /* ligacoes */,
				8469460329CDE28F00B4D9C1 /* ligacoesTests */,
				8469460D29CDE28F00B4D9C1 /* ligacoesUITests */,
				846945EB29CDE28D00B4D9C1 /* Products */,
			);
			sourceTree = "<group>";
		};
		846945EB29CDE28D00B4D9C1 /* Products */ = {
			isa = PBXGroup;
			children = (
				846945EA29CDE28D00B4D9C1 /* ligacoes.app */,
				8469460029CDE28F00B4D9C1 /* ligacoesTests.xctest */,
				8469460A29CDE28F00B4D9C1 /* ligacoesUITests.xctest */,
			);
			name = Products;
			sourceTree = "<group>";
		};
		846945EC29CDE28D00B4D9C1 /* ligacoes */ = {
			isa = PBXGroup;
			children = (
				846945ED29CDE28D00B4D9C1 /* AppDelegate.swift */,
				846945EF29CDE28D00B4D9C1 /* SceneDelegate.swift */,
				846945F129CDE28D00B4D9C1 /* ViewController.swift */,
				846945F329CDE28D00B4D9C1 /* Main.storyboard */,
				846945F629CDE28E00B4D9C1 /* Assets.xcassets */,
				846945F829CDE28E00B4D9C1 /* LaunchScreen.storyboard */,
				846945FB29CDE28E00B4D9C1 /* Info.plist */,
			);
			path = ligacoes;
			sourceTree = "<group>";
		};
		8469460329CDE28F00B4D9C1 /* ligacoesTests */ = {
			isa = PBXGroup;
			children = (
				8469460429CDE28F00B4D9C1 /* ligacoesTests.swift */,
			);
			path = ligacoesTests;
			sourceTree = "<group>";
		};
		8469460D29CDE28F00B4D9C1 /* ligacoesUITests */ = {
			isa = PBXGroup;
			children = (
				8469460E29CDE28F00B4D9C1 /* ligacoesUITests.swift */,
				8469461029CDE28F00B4D9C1 /* ligacoesUITestsLaunchTests.swift */,
			);
			path = ligacoesUITests;
			sourceTree = "<group>";
		};
/* End PBXGroup section */

/* Begin PBXNativeTarget section */
		846945E929CDE28D00B4D9C1 /* ligacoes */ = {
			isa = PBXNativeTarget;
			buildConfigurationList = 8469461429CDE28F00B4D9C1 /* Build configuration list for PBXNativeTarget "ligacoes" */;
			buildPhases = (
				846945E629CDE28D00B4D9C1 /* Sources */,
				846945E729CDE28D00B4D9C1 /* Frameworks */,
				846945E829CDE28D00B4D9C1 /* Resources */,
			);
			buildRules = (
			);
			dependencies = (
			);
			name = ligacoes;
			productName = ligacoes;
			productReference = 846945EA29CDE28D00B4D9C1 /* ligacoes.app */;
			productType = "com.apple.product-type.application";
		};
		846945FF29CDE28F00B4D9C1 /* ligacoesTests */ = {
			isa = PBXNativeTarget;
			buildConfigurationList = 8469461729CDE28F00B4D9C1 /* Build configuration list for PBXNativeTarget "ligacoesTests" */;
			buildPhases = (
				846945FC29CDE28F00B4D9C1 /* Sources */,
				846945FD29CDE28F00B4D9C1 /* Frameworks */,
				846945FE29CDE28F00B4D9C1 /* Resources */,
			);
			buildRules = (
			);
			dependencies = (
				8469460229CDE28F00B4D9C1 /* PBXTargetDependency */,
			);
			name = ligacoesTests;
			productName = ligacoesTests;
			productReference = 8469460029CDE28F00B4D9C1 /* ligacoesTests.xctest */;
			productType = "com.apple.product-type.bundle.unit-test";
		};
		8469460929CDE28F00B4D9C1 /* ligacoesUITests */ = {
			isa = PBXNativeTarget;
			buildConfigurationList = 8469461A29CDE28F00B4D9C1 /* Build configuration list for PBXNativeTarget "ligacoesUITests" */;
			buildPhases = (
				8469460629CDE28F00B4D9C1 /* Sources */,
				8469460729CDE28F00B4D9C1 /* Frameworks */,
				8469460829CDE28F00B4D9C1 /* Resources */,
			);
			buildRules = (
			);
			dependencies = (
				8469460C29CDE28F00B4D9C1 /* PBXTargetDependency */,
			);
			name = ligacoesUITests;
			productName = ligacoesUITests;
			productReference = 8469460A29CDE28F00B4D9C1 /* ligacoesUITests.xctest */;
			productType = "com.apple.product-type.bundle.ui-testing";
		};
/* End PBXNativeTarget section */

/* Begin PBXProject section */
		846945E229CDE28D00B4D9C1 /* Project object */ = {
			isa = PBXProject;
			attributes = {
				BuildIndependentTargetsInParallel = 1;
				LastSwiftUpdateCheck = 1420;
				LastUpgradeCheck = 1420;
				TargetAttributes = {
					846945E929CDE28D00B4D9C1 = {
						CreatedOnToolsVersion = 14.2;
					};
					846945FF29CDE28F00B4D9C1 = {
						CreatedOnToolsVersion = 14.2;
						TestTargetID = 846945E929CDE28D00B4D9C1;
					};
					8469460929CDE28F00B4D9C1 = {
						CreatedOnToolsVersion = 14.2;
						TestTargetID = 846945E929CDE28D00B4D9C1;
					};
				};
			};
			buildConfigurationList = 846945E529CDE28D00B4D9C1 /* Build configuration list for PBXProject "ligacoes" */;
			compatibilityVersion = "Xcode 14.0";
			developmentRegion = en;
			hasScannedForEncodings = 0;
			knownRegions = (
				en,
				Base,
			);
			mainGroup = 846945E129CDE28D00B4D9C1;
			productRefGroup = 846945EB29CDE28D00B4D9C1 /* Products */;
			projectDirPath = "";
			projectRoot = "";
			targets = (
				846945E929CDE28D00B4D9C1 /* ligacoes */,
				846945FF29CDE28F00B4D9C1 /* ligacoesTests */,
				8469460929CDE28F00B4D9C1 /* ligacoesUITests */,
			);
		};
/* End PBXProject section */

/* Begin PBXResourcesBuildPhase section */
		846945E829CDE28D00B4D9C1 /* Resources */ = {
			isa = PBXResourcesBuildPhase;
			buildActionMask = 2147483647;
			files = (
				846945FA29CDE28E00B4D9C1 /* LaunchScreen.storyboard in Resources */,
				846945F729CDE28E00B4D9C1 /* Assets.xcassets in Resources */,
				846945F529CDE28D00B4D9C1 /* Main.storyboard in Resources */,
			);
			runOnlyForDeploymentPostprocessing = 0;
		};
		846945FE29CDE28F00B4D9C1 /* Resources */ = {
			isa = PBXResourcesBuildPhase;
			buildActionMask = 2147483647;
			files = (
			);
			runOnlyForDeploymentPostprocessing = 0;
		};
		8469460829CDE28F00B4D9C1 /* Resources */ = {
			isa = PBXResourcesBuildPhase;
			buildActionMask = 2147483647;
			files = (
			);
			runOnlyForDeploymentPostprocessing = 0;
		};
/* End PBXResourcesBuildPhase section */

/* Begin PBXSourcesBuildPhase section */
		846945E629CDE28D00B4D9C1 /* Sources */ = {
			isa = PBXSourcesBuildPhase;
			buildActionMask = 2147483647;
			files = (
				846945F229CDE28D00B4D9C1 /* ViewController.swift in Sources */,
				846945EE29CDE28D00B4D9C1 /* AppDelegate.swift in Sources */,
				846945F029CDE28D00B4D9C1 /* SceneDelegate.swift in Sources */,
			);
			runOnlyForDeploymentPostprocessing = 0;
		};
		846945FC29CDE28F00B4D9C1 /* Sources */ = {
			isa = PBXSourcesBuildPhase;
			buildActionMask = 2147483647;
			files = (
				8469460529CDE28F00B4D9C1 /* ligacoesTests.swift in Sources */,
			);
			runOnlyForDeploymentPostprocessing = 0;
		};
		8469460629CDE28F00B4D9C1 /* Sources */ = {
			isa = PBXSourcesBuildPhase;
			buildActionMask = 2147483647;
			files = (
				8469461129CDE28F00B4D9C1 /* ligacoesUITestsLaunchTests.swift in Sources */,
				8469460F29CDE28F00B4D9C1 /* ligacoesUITests.swift in Sources */,
			);
			runOnlyForDeploymentPostprocessing = 0;
		};
/* End PBXSourcesBuildPhase section */

/* Begin PBXTargetDependency section */
		8469460229CDE28F00B4D9C1 /* PBXTargetDependency */ = {
			isa = PBXTargetDependency;
			target = 846945E929CDE28D00B4D9C1 /* ligacoes */;
			targetProxy = 8469460129CDE28F00B4D9C1 /* PBXContainerItemProxy */;
		};
		8469460C29CDE28F00B4D9C1 /* PBXTargetDependency */ = {
			isa = PBXTargetDependency;
			target = 846945E929CDE28D00B4D9C1 /* ligacoes */;
			targetProxy = 8469460B29CDE28F00B4D9C1 /* PBXContainerItemProxy */;
		};
/* End PBXTargetDependency section */

/* Begin PBXVariantGroup section */
		846945F329CDE28D00B4D9C1 /* Main.storyboard */ = {
			isa = PBXVariantGroup;
			children = (
				846945F429CDE28D00B4D9C1 /* Base */,
			);
			name = Main.storyboard;
			sourceTree = "<group>";
		};
		846945F829CDE28E00B4D9C1 /* LaunchScreen.storyboard */ = {
			isa = PBXVariantGroup;
			children = (
				846945F929CDE28E00B4D9C1 /* Base */,
			);
			name = LaunchScreen.storyboard;
			sourceTree = "<group>";
		};
/* End PBXVariantGroup section */

/* Begin XCBuildConfiguration section */
		8469461229CDE28F00B4D9C1 /* Debug */ = {
			isa = XCBuildConfiguration;
			buildSettings = {
				ALWAYS_SEARCH_USER_PATHS = NO;
				CLANG_ANALYZER_NONNULL = YES;
				CLANG_ANALYZER_NUMBER_OBJECT_CONVERSION = YES_AGGRESSIVE;
				CLANG_CXX_LANGUAGE_STANDARD = "gnu++20";
				CLANG_ENABLE_MODULES = YES;
				CLANG_ENABLE_OBJC_ARC = YES;
				CLANG_ENABLE_OBJC_WEAK = YES;
				CLANG_WARN_BLOCK_CAPTURE_AUTORELEASING = YES;
				CLANG_WARN_BOOL_CONVERSION = YES;
				CLANG_WARN_COMMA = YES;
				CLANG_WARN_CONSTANT_CONVERSION = YES;
				CLANG_WARN_DEPRECATED_OBJC_IMPLEMENTATIONS = YES;
				CLANG_WARN_DIRECT_OBJC_ISA_USAGE = YES_ERROR;
				CLANG_WARN_DOCUMENTATION_COMMENTS = YES;
				CLANG_WARN_EMPTY_BODY = YES;
				CLANG_WARN_ENUM_CONVERSION = YES;
				CLANG_WARN_INFINITE_RECURSION = YES;
				CLANG_WARN_INT_CONVERSION = YES;
				CLANG_WARN_NON_LITERAL_NULL_CONVERSION = YES;
				CLANG_WARN_OBJC_IMPLICIT_RETAIN_SELF = YES;
				CLANG_WARN_OBJC_LITERAL_CONVERSION = YES;
				CLANG_WARN_OBJC_ROOT_CLASS = YES_ERROR;
				CLANG_WARN_QUOTED_INCLUDE_IN_FRAMEWORK_HEADER = YES;
				CLANG_WARN_RANGE_LOOP_ANALYSIS = YES;
				CLANG_WARN_STRICT_PROTOTYPES = YES;
				CLANG_WARN_SUSPICIOUS_MOVE = YES;
				CLANG_WARN_UNGUARDED_AVAILABILITY = YES_AGGRESSIVE;
				CLANG_WARN_UNREACHABLE_CODE = YES;
				CLANG_WARN__DUPLICATE_METHOD_MATCH = YES;
				COPY_PHASE_STRIP = NO;
				DEBUG_INFORMATION_FORMAT = dwarf;
				ENABLE_STRICT_OBJC_MSGSEND = YES;
				ENABLE_TESTABILITY = YES;
				GCC_C_LANGUAGE_STANDARD = gnu11;
				GCC_DYNAMIC_NO_PIC = NO;
				GCC_NO_COMMON_BLOCKS = YES;
				GCC_OPTIMIZATION_LEVEL = 0;
				GCC_PREPROCESSOR_DEFINITIONS = (
					"DEBUG=1",
					"$(inherited)",
				);
				GCC_WARN_64_TO_32_BIT_CONVERSION = YES;
				GCC_WARN_ABOUT_RETURN_TYPE = YES_ERROR;
				GCC_WARN_UNDECLARED_SELECTOR = YES;
				GCC_WARN_UNINITIALIZED_AUTOS = YES_AGGRESSIVE;
				GCC_WARN_UNUSED_FUNCTION = YES;
				GCC_WARN_UNUSED_VARIABLE = YES;
				IPHONEOS_DEPLOYMENT_TARGET = 16.2;
				MTL_ENABLE_DEBUG_INFO = INCLUDE_SOURCE;
				MTL_FAST_MATH = YES;
				ONLY_ACTIVE_ARCH = YES;
				SDKROOT = iphoneos;
				SWIFT_ACTIVE_COMPILATION_CONDITIONS = DEBUG;
				SWIFT_OPTIMIZATION_LEVEL = "-Onone";
			};
			name = Debug;
		};
		8469461329CDE28F00B4D9C1 /* Release */ = {
			isa = XCBuildConfiguration;
			buildSettings = {
				ALWAYS_SEARCH_USER_PATHS = NO;
				CLANG_ANALYZER_NONNULL = YES;
				CLANG_ANALYZER_NUMBER_OBJECT_CONVERSION = YES_AGGRESSIVE;
				CLANG_CXX_LANGUAGE_STANDARD = "gnu++20";
				CLANG_ENABLE_MODULES = YES;
				CLANG_ENABLE_OBJC_ARC = YES;
				CLANG_ENABLE_OBJC_WEAK = YES;
				CLANG_WARN_BLOCK_CAPTURE_AUTORELEASING = YES;
				CLANG_WARN_BOOL_CONVERSION = YES;
				CLANG_WARN_COMMA = YES;
				CLANG_WARN_CONSTANT_CONVERSION = YES;
				CLANG_WARN_DEPRECATED_OBJC_IMPLEMENTATIONS = YES;
				CLANG_WARN_DIRECT_OBJC_ISA_USAGE = YES_ERROR;
				CLANG_WARN_DOCUMENTATION_COMMENTS = YES;
				CLANG_WARN_EMPTY_BODY = YES;
				CLANG_WARN_ENUM_CONVERSION = YES;
				CLANG_WARN_INFINITE_RECURSION = YES;
				CLANG_WARN_INT_CONVERSION = YES;
				CLANG_WARN_NON_LITERAL_NULL_CONVERSION = YES;
				CLANG_WARN_OBJC_IMPLICIT_RETAIN_SELF = YES;
				CLANG_WARN_OBJC_LITERAL_CONVERSION = YES;
				CLANG_WARN_OBJC_ROOT_CLASS = YES_ERROR;
				CLANG_WARN_QUOTED_INCLUDE_IN_FRAMEWORK_HEADER = YES;
				CLANG_WARN_RANGE_LOOP_ANALYSIS = YES;
				CLANG_WARN_STRICT_PROTOTYPES = YES;
				CLANG_WARN_SUSPICIOUS_MOVE = YES;
				CLANG_WARN_UNGUARDED_AVAILABILITY = YES_AGGRESSIVE;
				CLANG_WARN_UNREACHABLE_CODE = YES;
				CLANG_WARN__DUPLICATE_METHOD_MATCH = YES;
				COPY_PHASE_STRIP = NO;
				DEBUG_INFORMATION_FORMAT = "dwarf-with-dsym";
				ENABLE_NS_ASSERTIONS = NO;
				ENABLE_STRICT_OBJC_MSGSEND = YES;
				GCC_C_LANGUAGE_STANDARD = gnu11;
				GCC_NO_COMMON_BLOCKS = YES;
				GCC_WARN_64_TO_32_BIT_CONVERSION = YES;
				GCC_WARN_ABOUT_RETURN_TYPE = YES_ERROR;
				GCC_WARN_UNDECLARED_SELECTOR = YES;
				GCC_WARN_UNINITIALIZED_AUTOS = YES_AGGRESSIVE;
				GCC_WARN_UNUSED_FUNCTION = YES;
				GCC_WARN_UNUSED_VARIABLE = YES;
				IPHONEOS_DEPLOYMENT_TARGET = 16.2;
				MTL_ENABLE_DEBUG_INFO = NO;
				MTL_FAST_MATH = YES;
				SDKROOT = iphoneos;
				SWIFT_COMPILATION_MODE = wholemodule;
				SWIFT_OPTIMIZATION_LEVEL = "-O";
				VALIDATE_PRODUCT = YES;
			};
			name = Release;
		};
		8469461529CDE28F00B4D9C1 /* Debug */ = {
			isa = XCBuildConfiguration;
			buildSettings = {
				ASSETCATALOG_COMPILER_APPICON_NAME = AppIcon;
				ASSETCATALOG_COMPILER_GLOBAL_ACCENT_COLOR_NAME = AccentColor;
				CODE_SIGN_STYLE = Automatic;
				CURRENT_PROJECT_VERSION = 1;
				GENERATE_INFOPLIST_FILE = YES;
				INFOPLIST_FILE = ligacoes/Info.plist;
				INFOPLIST_KEY_UIApplicationSupportsIndirectInputEvents = YES;
				INFOPLIST_KEY_UILaunchStoryboardName = LaunchScreen;
				INFOPLIST_KEY_UIMainStoryboardFile = Main;
				INFOPLIST_KEY_UISupportedInterfaceOrientations_iPad = "UIInterfaceOrientationPortrait UIInterfaceOrientationPortraitUpsideDown UIInterfaceOrientationLandscapeLeft UIInterfaceOrientationLandscapeRight";
				INFOPLIST_KEY_UISupportedInterfaceOrientations_iPhone = "UIInterfaceOrientationPortrait UIInterfaceOrientationLandscapeLeft UIInterfaceOrientationLandscapeRight";
				LD_RUNPATH_SEARCH_PATHS = (
					"$(inherited)",
					"@executable_path/Frameworks",
				);
				MARKETING_VERSION = 1.0;
				PRODUCT_BUNDLE_IDENTIFIER = blackfrout.ligacoes;
				PRODUCT_NAME = "$(TARGET_NAME)";
				SWIFT_EMIT_LOC_STRINGS = YES;
				SWIFT_VERSION = 5.0;
				TARGETED_DEVICE_FAMILY = "1,2";
			};
			name = Debug;
		};
		8469461629CDE28F00B4D9C1 /* Release */ = {
			isa = XCBuildConfiguration;
			buildSettings = {
				ASSETCATALOG_COMPILER_APPICON_NAME = AppIcon;
				ASSETCATALOG_COMPILER_GLOBAL_ACCENT_COLOR_NAME = AccentColor;
				CODE_SIGN_STYLE = Automatic;
				CURRENT_PROJECT_VERSION = 1;
				GENERATE_INFOPLIST_FILE = YES;
				INFOPLIST_FILE = ligacoes/Info.plist;
				INFOPLIST_KEY_UIApplicationSupportsIndirectInputEvents = YES;
				INFOPLIST_KEY_UILaunchStoryboardName = LaunchScreen;
				INFOPLIST_KEY_UIMainStoryboardFile = Main;
				INFOPLIST_KEY_UISupportedInterfaceOrientations_iPad = "UIInterfaceOrientationPortrait UIInterfaceOrientationPortraitUpsideDown UIInterfaceOrientationLandscapeLeft UIInterfaceOrientationLandscapeRight";
				INFOPLIST_KEY_UISupportedInterfaceOrientations_iPhone = "UIInterfaceOrientationPortrait UIInterfaceOrientationLandscapeLeft UIInterfaceOrientationLandscapeRight";
				LD_RUNPATH_SEARCH_PATHS = (
					"$(inherited)",
					"@executable_path/Frameworks",
				);
				MARKETING_VERSION = 1.0;
				PRODUCT_BUNDLE_IDENTIFIER = blackfrout.ligacoes;
				PRODUCT_NAME = "$(TARGET_NAME)";
				SWIFT_EMIT_LOC_STRINGS = YES;
				SWIFT_VERSION = 5.0;
				TARGETED_DEVICE_FAMILY = "1,2";
			};
			name = Release;
		};
		8469461829CDE28F00B4D9C1 /* Debug */ = {
			isa = XCBuildConfiguration;
			buildSettings = {
				ALWAYS_EMBED_SWIFT_STANDARD_LIBRARIES = YES;
				BUNDLE_LOADER = "$(TEST_HOST)";
				CODE_SIGN_STYLE = Automatic;
				CURRENT_PROJECT_VERSION = 1;
				GENERATE_INFOPLIST_FILE = YES;
				IPHONEOS_DEPLOYMENT_TARGET = 16.2;
				MARKETING_VERSION = 1.0;
				PRODUCT_BUNDLE_IDENTIFIER = blackfrout.ligacoesTests;
				PRODUCT_NAME = "$(TARGET_NAME)";
				SWIFT_EMIT_LOC_STRINGS = NO;
				SWIFT_VERSION = 5.0;
				TARGETED_DEVICE_FAMILY = "1,2";
				TEST_HOST = "$(BUILT_PRODUCTS_DIR)/ligacoes.app/$(BUNDLE_EXECUTABLE_FOLDER_PATH)/ligacoes";
			};
			name = Debug;
		};
		8469461929CDE28F00B4D9C1 /* Release */ = {
			isa = XCBuildConfiguration;
			buildSettings = {
				ALWAYS_EMBED_SWIFT_STANDARD_LIBRARIES = YES;
				BUNDLE_LOADER = "$(TEST_HOST)";
				CODE_SIGN_STYLE = Automatic;
				CURRENT_PROJECT_VERSION = 1;
				GENERATE_INFOPLIST_FILE = YES;
				IPHONEOS_DEPLOYMENT_TARGET = 16.2;
				MARKETING_VERSION = 1.0;
				PRODUCT_BUNDLE_IDENTIFIER = blackfrout.ligacoesTests;
				PRODUCT_NAME = "$(TARGET_NAME)";
				SWIFT_EMIT_LOC_STRINGS = NO;
				SWIFT_VERSION = 5.0;
				TARGETED_DEVICE_FAMILY = "1,2";
				TEST_HOST = "$(BUILT_PRODUCTS_DIR)/ligacoes.app/$(BUNDLE_EXECUTABLE_FOLDER_PATH)/ligacoes";
			};
			name = Release;
		};
		8469461B29CDE28F00B4D9C1 /* Debug */ = {
			isa = XCBuildConfiguration;
			buildSettings = {
				ALWAYS_EMBED_SWIFT_STANDARD_LIBRARIES = YES;
				CODE_SIGN_STYLE = Automatic;
				CURRENT_PROJECT_VERSION = 1;
				GENERATE_INFOPLIST_FILE = YES;
				MARKETING_VERSION = 1.0;
				PRODUCT_BUNDLE_IDENTIFIER = blackfrout.ligacoesUITests;
				PRODUCT_NAME = "$(TARGET_NAME)";
				SWIFT_EMIT_LOC_STRINGS = NO;
				SWIFT_VERSION = 5.0;
				TARGETED_DEVICE_FAMILY = "1,2";
				TEST_TARGET_NAME = ligacoes;
			};
			name = Debug;
		};
		8469461C29CDE28F00B4D9C1 /* Release */ = {
			isa = XCBuildConfiguration;
			buildSettings = {
				ALWAYS_EMBED_SWIFT_STANDARD_LIBRARIES = YES;
				CODE_SIGN_STYLE = Automatic;
				CURRENT_PROJECT_VERSION = 1;
				GENERATE_INFOPLIST_FILE = YES;
				MARKETING_VERSION = 1.0;
				PRODUCT_BUNDLE_IDENTIFIER = blackfrout.ligacoesUITests;
				PRODUCT_NAME = "$(TARGET_NAME)";
				SWIFT_EMIT_LOC_STRINGS = NO;
				SWIFT_VERSION = 5.0;
				TARGETED_DEVICE_FAMILY = "1,2";
				TEST_TARGET_NAME = ligacoes;
			};
			name = Release;
		};
/* End XCBuildConfiguration section */

/* Begin XCConfigurationList section */
		846945E529CDE28D00B4D9C1 /* Build configuration list for PBXProject "ligacoes" */ = {
			isa = XCConfigurationList;
			buildConfigurations = (
				8469461229CDE28F00B4D9C1 /* Debug */,
				8469461329CDE28F00B4D9C1 /* Release */,
			);
			defaultConfigurationIsVisible = 0;
			defaultConfigurationName = Release;
		};
		8469461429CDE28F00B4D9C1 /* Build configuration list for PBXNativeTarget "ligacoes" */ = {
			isa = XCConfigurationList;
			buildConfigurations = (
				8469461529CDE28F00B4D9C1 /* Debug */,
				8469461629CDE28F00B4D9C1 /* Release */,
			);
			defaultConfigurationIsVisible = 0;
			defaultConfigurationName = Release;
		};
		8469461729CDE28F00B4D9C1 /* Build configuration list for PBXNativeTarget "ligacoesTests" */ = {
			isa = XCConfigurationList;
			buildConfigurations = (
				8469461829CDE28F00B4D9C1 /* Debug */,
				8469461929CDE28F00B4D9C1 /* Release */,
			);
			defaultConfigurationIsVisible = 0;
			defaultConfigurationName = Release;
		};
		8469461A29CDE28F00B4D9C1 /* Build configuration list for PBXNativeTarget "ligacoesUITests" */ = {
			isa = XCConfigurationList;
			buildConfigurations = (
				8469461B29CDE28F00B4D9C1 /* Debug */,
				8469461C29CDE28F00B4D9C1 /* Release */,
			);
			defaultConfigurationIsVisible = 0;
			defaultConfigurationName = Release;
		};
/* End XCConfigurationList section */
	};
	rootObject = 846945E229CDE28D00B4D9C1 /* Project object */;
}
